<?xml version="1.0" encoding="UTF-8"?>
<Scheme
   LastUpgradeVersion = "1160"
   version = "1.7">
   <BuildAction
      parallelizeBuildables = "YES"
      buildImplicitDependencies = "YES">
      <BuildActionEntries>
         <BuildActionEntry
            buildForTesting = "YES"
            buildForRunning = "YES"
            buildForProfiling = "YES"
            buildForArchiving = "YES"
            buildForAnalyzing = "YES">
            <BuildableReference
               BuildableIdentifier = "primary"
               BlueprintIdentifier = "7773AB9625BC54D9004B20DD"
               BuildableName = "MLTechTest.app"
               BlueprintName = "MLTechTest"
               ReferencedContainer = "container:MLTechTest.xcodeproj">
            </BuildableReference>
         </BuildActionEntry>
         <BuildActionEntry
            buildForTesting = "YES"
            buildForRunning = "YES"
            buildForProfiling = "YES"
            buildForArchiving = "YES"
            buildForAnalyzing = "YES">
            <BuildableReference
               BuildableIdentifier = "primary"
               BlueprintIdentifier = "77DDAFB525BD01E100B0ED2C"
               BuildableName = "MLApplication.framework"
               BlueprintName = "MLApplication"
               ReferencedContainer = "container:MLApplication/MLApplication.xcodeproj">
            </BuildableReference>
         </BuildActionEntry>
         <BuildActionEntry
            buildForTesting = "YES"
            buildForRunning = "YES"
            buildForProfiling = "YES"
            buildForArchiving = "YES"
            buildForAnalyzing = "YES">
            <BuildableReference
               BuildableIdentifier = "primary"
               BlueprintIdentifier = "77DDAEEB25BC561300B0ED2C"
               BuildableName = "MLTechCore.framework"
               BlueprintName = "MLTechCore"
               ReferencedContainer = "container:MLTechCore/MLTechCore.xcodeproj">
            </BuildableReference>
         </BuildActionEntry>
         <BuildActionEntry
            buildForTesting = "YES"
            buildForRunning = "YES"
            buildForProfiling = "YES"
            buildForArchiving = "YES"
            buildForAnalyzing = "YES">
            <BuildableReference
               BuildableIdentifier = "primary"
               BlueprintIdentifier = "77DDAF2225BC57C400B0ED2C"
               BuildableName = "MLTechNetwork.framework"
               BlueprintName = "MLTechNetwork"
               ReferencedContainer = "container:MLTechNetwork/MLTechNetwork.xcodeproj">
            </BuildableReference>
         </BuildActionEntry>
      </BuildActionEntries>
   </BuildAction>
   <TestAction
      buildConfiguration = "Debug"
      selectedDebuggerIdentifier = "Xcode.DebuggerFoundation.Debugger.LLDB"
      selectedLauncherIdentifier = "Xcode.DebuggerFoundation.Launcher.LLDB"
      shouldUseLaunchSchemeArgsEnv = "YES">
      <Testables>
         <TestableReference
            skipped = "NO"
            parallelizable = "YES">
            <BuildableReference
               BuildableIdentifier = "primary"
               BlueprintIdentifier = "7773ABAC25BC54DC004B20DD"
               BuildableName = "MLTechTestTests.xctest"
               BlueprintName = "MLTechTestTests"
               ReferencedContainer = "container:MLTechTest.xcodeproj">
            </BuildableReference>
         </TestableReference>
         <TestableReference
            skipped = "NO"
            parallelizable = "YES">
            <BuildableReference
               BuildableIdentifier = "primary"
               BlueprintIdentifier = "77DDAEF425BC561300B0ED2C"
               BuildableName = "MLTechCoreTests.xctest"
               BlueprintName = "MLTechCoreTests"
               ReferencedContainer = "container:MLTechCore/MLTechCore.xcodeproj">
            </BuildableReference>
         </TestableReference>
         <TestableReference
            skipped = "NO"
            parallelizable = "YES">
            <BuildableReference
               BuildableIdentifier = "primary"
               BlueprintIdentifier = "77DDAF2B25BC57C400B0ED2C"
               BuildableName = "MLTechNetworkTests.xctest"
               BlueprintName = "MLTechNetworkTests"
               ReferencedContainer = "container:MLTechNetwork/MLTechNetwork.xcodeproj">
            </BuildableReference>
            <LocationScenarioReference
               identifier = "com.apple.dt.IDEFoundation.CurrentLocationScenarioIdentifier"
               referenceType = "1">
            </LocationScenarioReference>
         </TestableReference>
      </Testables>
   </TestAction>
   <LaunchAction
      buildConfiguration = "Debug"
      selectedDebuggerIdentifier = "Xcode.DebuggerFoundation.Debugger.LLDB"
      selectedLauncherIdentifier = "Xcode.DebuggerFoundation.Launcher.LLDB"
      launchStyle = "0"
      useCustomWorkingDirectory = "NO"
      ignoresPersistentStateOnLaunch = "NO"
      debugDocumentVersioning = "YES"
      debugServiceExtension = "internal"
      allowLocationSimulation = "YES">
      <BuildableProductRunnable
         runnableDebuggingMode = "0">
         <BuildableReference
            BuildableIdentifier = "primary"
            BlueprintIdentifier = "7773AB9625BC54D9004B20DD"
            BuildableName = "MLTechTest.app"
            BlueprintName = "MLTechTest"
            ReferencedContainer = "container:MLTechTest.xcodeproj">
         </BuildableReference>
      </BuildableProductRunnable>
   </LaunchAction>
   <ProfileAction
      buildConfiguration = "Release"
      shouldUseLaunchSchemeArgsEnv = "YES"
      savedToolIdentifier = ""
      useCustomWorkingDirectory = "NO"
      debugDocumentVersioning = "YES">
      <BuildableProductRunnable
         runnableDebuggingMode = "0">
         <BuildableReference
            BuildableIdentifier = "primary"
            BlueprintIdentifier = "7773AB9625BC54D9004B20DD"
            BuildableName = "MLTechTest.app"
            BlueprintName = "MLTechTest"
            ReferencedContainer = "container:MLTechTest.xcodeproj">
         </BuildableReference>
      </BuildableProductRunnable>
   </ProfileAction>
   <AnalyzeAction
      buildConfiguration = "Debug">
   </AnalyzeAction>
   <ArchiveAction
      buildConfiguration = "Release"
      revealArchiveInOrganizer = "YES">
   </ArchiveAction>
</Scheme>
