// !$*UTF8*$!
{
	archiveVersion = 1;
	classes = {
	};
	objectVersion = 50;
	objects = {

/* Begin PBXBuildFile section */
		775B0A0F25BD037600BA3A29 /* MLTechCore.framework in Frameworks */ = {isa = PBXBuildFile; fileRef = 775B0A0E25BD037600BA3A29 /* MLTechCore.framework */; };
		775B0A1025BD037600BA3A29 /* MLTechCore.framework in Embed Frameworks */ = {isa = PBXBuildFile; fileRef = 775B0A0E25BD037600BA3A29 /* MLTechCore.framework */; settings = {ATTRIBUTES = (CodeSignOnCopy, RemoveHeadersOnCopy, ); }; };
		775B0AC925BDB62500BA3A29 /* ProductList.framework in Frameworks */ = {isa = PBXBuildFile; fileRef = 775B0AC825BDB62500BA3A29 /* ProductList.framework */; };
		775B0ACA25BDB62500BA3A29 /* ProductList.framework in Embed Frameworks */ = {isa = PBXBuildFile; fileRef = 775B0AC825BDB62500BA3A29 /* ProductList.framework */; settings = {ATTRIBUTES = (CodeSignOnCopy, RemoveHeadersOnCopy, ); }; };
		775B0AD625BDBACB00BA3A29 /* ApplicationPresenterTest.swift in Sources */ = {isa = PBXBuildFile; fileRef = 775B0AD525BDBACB00BA3A29 /* ApplicationPresenterTest.swift */; };
		775B0ADA25BDBB8C00BA3A29 /* ApplicationCoordinatorSpy.swift in Sources */ = {isa = PBXBuildFile; fileRef = 775B0AD925BDBB8C00BA3A29 /* ApplicationCoordinatorSpy.swift */; };
		77DDAFBC25BD01E100B0ED2C /* ApplicationConfigurator.swift in Sources */ = {isa = PBXBuildFile; fileRef = 77DDAFBB25BD01E100B0ED2C /* ApplicationConfigurator.swift */; };
		77DDAFBE25BD01E100B0ED2C /* ApplicationContract.swift in Sources */ = {isa = PBXBuildFile; fileRef = 77DDAFBD25BD01E100B0ED2C /* ApplicationContract.swift */; };
		77DDAFC025BD01E100B0ED2C /* ApplicationCoordinator.swift in Sources */ = {isa = PBXBuildFile; fileRef = 77DDAFBF25BD01E100B0ED2C /* ApplicationCoordinator.swift */; };
		77DDAFC225BD01E100B0ED2C /* ApplicationPresenter.swift in Sources */ = {isa = PBXBuildFile; fileRef = 77DDAFC125BD01E100B0ED2C /* ApplicationPresenter.swift */; };
		77DDAFC425BD01E100B0ED2C /* ApplicationViewController.swift in Sources */ = {isa = PBXBuildFile; fileRef = 77DDAFC325BD01E100B0ED2C /* ApplicationViewController.swift */; };
		77DDAFC625BD01E100B0ED2C /* ApplicationView.swift in Sources */ = {isa = PBXBuildFile; fileRef = 77DDAFC525BD01E100B0ED2C /* ApplicationView.swift */; };
		77DDAFCD25BD01E200B0ED2C /* MLApplication.framework in Frameworks */ = {isa = PBXBuildFile; fileRef = 77DDAFB625BD01E100B0ED2C /* MLApplication.framework */; };
		77DDAFD225BD01E200B0ED2C /* ApplicationCoordinatorTest.swift in Sources */ = {isa = PBXBuildFile; fileRef = 77DDAFD125BD01E200B0ED2C /* ApplicationCoordinatorTest.swift */; };
/* End PBXBuildFile section */

/* Begin PBXContainerItemProxy section */
		77DDAFCE25BD01E200B0ED2C /* PBXContainerItemProxy */ = {
			isa = PBXContainerItemProxy;
			containerPortal = 77DDAFAD25BD01E100B0ED2C /* Project object */;
			proxyType = 1;
			remoteGlobalIDString = 77DDAFB525BD01E100B0ED2C;
			remoteInfo = MLApplication;
		};
/* End PBXContainerItemProxy section */

/* Begin PBXCopyFilesBuildPhase section */
		775B0A1125BD037600BA3A29 /* Embed Frameworks */ = {
			isa = PBXCopyFilesBuildPhase;
			buildActionMask = 2147483647;
			dstPath = "";
			dstSubfolderSpec = 10;
			files = (
				775B0ACA25BDB62500BA3A29 /* ProductList.framework in Embed Frameworks */,
				775B0A1025BD037600BA3A29 /* MLTechCore.framework in Embed Frameworks */,
			);
			name = "Embed Frameworks";
			runOnlyForDeploymentPostprocessing = 0;
		};
/* End PBXCopyFilesBuildPhase section */

/* Begin PBXFileReference section */
		775B0A0E25BD037600BA3A29 /* MLTechCore.framework */ = {isa = PBXFileReference; explicitFileType = wrapper.framework; path = MLTechCore.framework; sourceTree = BUILT_PRODUCTS_DIR; };
		775B0AC825BDB62500BA3A29 /* ProductList.framework */ = {isa = PBXFileReference; explicitFileType = wrapper.framework; path = ProductList.framework; sourceTree = BUILT_PRODUCTS_DIR; };
		775B0AD525BDBACB00BA3A29 /* ApplicationPresenterTest.swift */ = {isa = PBXFileReference; lastKnownFileType = sourcecode.swift; path = ApplicationPresenterTest.swift; sourceTree = "<group>"; };
		775B0AD925BDBB8C00BA3A29 /* ApplicationCoordinatorSpy.swift */ = {isa = PBXFileReference; lastKnownFileType = sourcecode.swift; path = ApplicationCoordinatorSpy.swift; sourceTree = "<group>"; };
		77DDAFB625BD01E100B0ED2C /* MLApplication.framework */ = {isa = PBXFileReference; explicitFileType = wrapper.framework; includeInIndex = 0; path = MLApplication.framework; sourceTree = BUILT_PRODUCTS_DIR; };
		77DDAFBB25BD01E100B0ED2C /* ApplicationConfigurator.swift */ = {isa = PBXFileReference; lastKnownFileType = sourcecode.swift; path = ApplicationConfigurator.swift; sourceTree = "<group>"; };
		77DDAFBD25BD01E100B0ED2C /* ApplicationContract.swift */ = {isa = PBXFileReference; lastKnownFileType = sourcecode.swift; path = ApplicationContract.swift; sourceTree = "<group>"; };
		77DDAFBF25BD01E100B0ED2C /* ApplicationCoordinator.swift */ = {isa = PBXFileReference; lastKnownFileType = sourcecode.swift; path = ApplicationCoordinator.swift; sourceTree = "<group>"; };
		77DDAFC125BD01E100B0ED2C /* ApplicationPresenter.swift */ = {isa = PBXFileReference; lastKnownFileType = sourcecode.swift; path = ApplicationPresenter.swift; sourceTree = "<group>"; };
		77DDAFC325BD01E100B0ED2C /* ApplicationViewController.swift */ = {isa = PBXFileReference; lastKnownFileType = sourcecode.swift; path = ApplicationViewController.swift; sourceTree = "<group>"; };
		77DDAFC525BD01E100B0ED2C /* ApplicationView.swift */ = {isa = PBXFileReference; lastKnownFileType = sourcecode.swift; path = ApplicationView.swift; sourceTree = "<group>"; };
		77DDAFC725BD01E100B0ED2C /* Info.plist */ = {isa = PBXFileReference; lastKnownFileType = text.plist.xml; path = Info.plist; sourceTree = "<group>"; };
		77DDAFCC25BD01E200B0ED2C /* MLApplicationTests.xctest */ = {isa = PBXFileReference; explicitFileType = wrapper.cfbundle; includeInIndex = 0; path = MLApplicationTests.xctest; sourceTree = BUILT_PRODUCTS_DIR; };
		77DDAFD125BD01E200B0ED2C /* ApplicationCoordinatorTest.swift */ = {isa = PBXFileReference; lastKnownFileType = sourcecode.swift; path = ApplicationCoordinatorTest.swift; sourceTree = "<group>"; };
		77DDAFD325BD01E200B0ED2C /* Info.plist */ = {isa = PBXFileReference; lastKnownFileType = text.plist.xml; path = Info.plist; sourceTree = "<group>"; };
/* End PBXFileReference section */

/* Begin PBXFrameworksBuildPhase section */
		77DDAFB325BD01E100B0ED2C /* Frameworks */ = {
			isa = PBXFrameworksBuildPhase;
			buildActionMask = 2147483647;
			files = (
				775B0AC925BDB62500BA3A29 /* ProductList.framework in Frameworks */,
				775B0A0F25BD037600BA3A29 /* MLTechCore.framework in Frameworks */,
			);
			runOnlyForDeploymentPostprocessing = 0;
		};
		77DDAFC925BD01E200B0ED2C /* Frameworks */ = {
			isa = PBXFrameworksBuildPhase;
			buildActionMask = 2147483647;
			files = (
				77DDAFCD25BD01E200B0ED2C /* MLApplication.framework in Frameworks */,
			);
			runOnlyForDeploymentPostprocessing = 0;
		};
/* End PBXFrameworksBuildPhase section */

/* Begin PBXGroup section */
		775B0A0D25BD037600BA3A29 /* Frameworks */ = {
			isa = PBXGroup;
			children = (
				775B0AC825BDB62500BA3A29 /* ProductList.framework */,
				775B0A0E25BD037600BA3A29 /* MLTechCore.framework */,
			);
			name = Frameworks;
			sourceTree = "<group>";
		};
		775B0AA525BD1D1600BA3A29 /* Presentation */ = {
			isa = PBXGroup;
			children = (
				77DDAFD125BD01E200B0ED2C /* ApplicationCoordinatorTest.swift */,
				775B0AD525BDBACB00BA3A29 /* ApplicationPresenterTest.swift */,
			);
			path = Presentation;
			sourceTree = "<group>";
		};
		775B0AD825BDBB7400BA3A29 /* Stunt */ = {
			isa = PBXGroup;
			children = (
				775B0AD925BDBB8C00BA3A29 /* ApplicationCoordinatorSpy.swift */,
			);
			path = Stunt;
			sourceTree = "<group>";
		};
		77DDAFAC25BD01E100B0ED2C = {
			isa = PBXGroup;
			children = (
				77DDAFB825BD01E100B0ED2C /* MLApplication */,
				77DDAFD025BD01E200B0ED2C /* MLApplicationTests */,
				77DDAFB725BD01E100B0ED2C /* Products */,
				775B0A0D25BD037600BA3A29 /* Frameworks */,
			);
			sourceTree = "<group>";
		};
		77DDAFB725BD01E100B0ED2C /* Products */ = {
			isa = PBXGroup;
			children = (
				77DDAFB625BD01E100B0ED2C /* MLApplication.framework */,
				77DDAFCC25BD01E200B0ED2C /* MLApplicationTests.xctest */,
			);
			name = Products;
			sourceTree = "<group>";
		};
		77DDAFB825BD01E100B0ED2C /* MLApplication */ = {
			isa = PBXGroup;
			children = (
				77DDAFC725BD01E100B0ED2C /* Info.plist */,
				77DDAFBA25BD01E100B0ED2C /* Presentation */,
			);
			path = MLApplication;
			sourceTree = "<group>";
		};
		77DDAFBA25BD01E100B0ED2C /* Presentation */ = {
			isa = PBXGroup;
			children = (
				77DDAFBB25BD01E100B0ED2C /* ApplicationConfigurator.swift */,
				77DDAFBD25BD01E100B0ED2C /* ApplicationContract.swift */,
				77DDAFBF25BD01E100B0ED2C /* ApplicationCoordinator.swift */,
				77DDAFC125BD01E100B0ED2C /* ApplicationPresenter.swift */,
				77DDAFC325BD01E100B0ED2C /* ApplicationViewController.swift */,
				77DDAFC525BD01E100B0ED2C /* ApplicationView.swift */,
			);
			path = Presentation;
			sourceTree = "<group>";
		};
		77DDAFD025BD01E200B0ED2C /* MLApplicationTests */ = {
			isa = PBXGroup;
			children = (
				775B0AD825BDBB7400BA3A29 /* Stunt */,
				775B0AA525BD1D1600BA3A29 /* Presentation */,
				77DDAFD325BD01E200B0ED2C /* Info.plist */,
			);
			path = MLApplicationTests;
			sourceTree = "<group>";
		};
/* End PBXGroup section */

/* Begin PBXHeadersBuildPhase section */
		77DDAFB125BD01E100B0ED2C /* Headers */ = {
			isa = PBXHeadersBuildPhase;
			buildActionMask = 2147483647;
			files = (
			);
			runOnlyForDeploymentPostprocessing = 0;
		};
/* End PBXHeadersBuildPhase section */

/* Begin PBXNativeTarget section */
		77DDAFB525BD01E100B0ED2C /* MLApplication */ = {
			isa = PBXNativeTarget;
			buildConfigurationList = 77DDAFD725BD01E200B0ED2C /* Build configuration list for PBXNativeTarget "MLApplication" */;
			buildPhases = (
				77DDAFB125BD01E100B0ED2C /* Headers */,
				77DDAFB225BD01E100B0ED2C /* Sources */,
				77DDAFB325BD01E100B0ED2C /* Frameworks */,
				77DDAFB425BD01E100B0ED2C /* Resources */,
				775B0A1125BD037600BA3A29 /* Embed Frameworks */,
			);
			buildRules = (
			);
			dependencies = (
			);
			name = MLApplication;
			productName = MLApplication;
			productReference = 77DDAFB625BD01E100B0ED2C /* MLApplication.framework */;
			productType = "com.apple.product-type.framework";
		};
		77DDAFCB25BD01E200B0ED2C /* MLApplicationTests */ = {
			isa = PBXNativeTarget;
			buildConfigurationList = 77DDAFDA25BD01E200B0ED2C /* Build configuration list for PBXNativeTarget "MLApplicationTests" */;
			buildPhases = (
				77DDAFC825BD01E200B0ED2C /* Sources */,
				77DDAFC925BD01E200B0ED2C /* Frameworks */,
				77DDAFCA25BD01E200B0ED2C /* Resources */,
			);
			buildRules = (
			);
			dependencies = (
				77DDAFCF25BD01E200B0ED2C /* PBXTargetDependency */,
			);
			name = MLApplicationTests;
			productName = MLApplicationTests;
			productReference = 77DDAFCC25BD01E200B0ED2C /* MLApplicationTests.xctest */;
			productType = "com.apple.product-type.bundle.unit-test";
		};
/* End PBXNativeTarget section */

/* Begin PBXProject section */
		77DDAFAD25BD01E100B0ED2C /* Project object */ = {
			isa = PBXProject;
			attributes = {
				LastSwiftUpdateCheck = 1160;
				LastUpgradeCheck = 1230;
				ORGANIZATIONNAME = Cebollitas;
				TargetAttributes = {
					77DDAFB525BD01E100B0ED2C = {
						CreatedOnToolsVersion = 11.6;
					};
					77DDAFCB25BD01E200B0ED2C = {
						CreatedOnToolsVersion = 11.6;
					};
				};
			};
			buildConfigurationList = 77DDAFB025BD01E100B0ED2C /* Build configuration list for PBXProject "MLApplication" */;
			compatibilityVersion = "Xcode 9.3";
			developmentRegion = en;
			hasScannedForEncodings = 0;
			knownRegions = (
				en,
				Base,
			);
			mainGroup = 77DDAFAC25BD01E100B0ED2C;
			productRefGroup = 77DDAFB725BD01E100B0ED2C /* Products */;
			projectDirPath = "";
			projectRoot = "";
			targets = (
				77DDAFB525BD01E100B0ED2C /* MLApplication */,
				77DDAFCB25BD01E200B0ED2C /* MLApplicationTests */,
			);
		};
/* End PBXProject section */

/* Begin PBXResourcesBuildPhase section */
		77DDAFB425BD01E100B0ED2C /* Resources */ = {
			isa = PBXResourcesBuildPhase;
			buildActionMask = 2147483647;
			files = (
			);
			runOnlyForDeploymentPostprocessing = 0;
		};
		77DDAFCA25BD01E200B0ED2C /* Resources */ = {
			isa = PBXResourcesBuildPhase;
			buildActionMask = 2147483647;
			files = (
			);
			runOnlyForDeploymentPostprocessing = 0;
		};
/* End PBXResourcesBuildPhase section */

/* Begin PBXSourcesBuildPhase section */
		77DDAFB225BD01E100B0ED2C /* Sources */ = {
			isa = PBXSourcesBuildPhase;
			buildActionMask = 2147483647;
			files = (
				77DDAFC625BD01E100B0ED2C /* ApplicationView.swift in Sources */,
				77DDAFC225BD01E100B0ED2C /* ApplicationPresenter.swift in Sources */,
				77DDAFC425BD01E100B0ED2C /* ApplicationViewController.swift in Sources */,
				77DDAFBC25BD01E100B0ED2C /* ApplicationConfigurator.swift in Sources */,
				77DDAFBE25BD01E100B0ED2C /* ApplicationContract.swift in Sources */,
				77DDAFC025BD01E100B0ED2C /* ApplicationCoordinator.swift in Sources */,
			);
			runOnlyForDeploymentPostprocessing = 0;
		};
		77DDAFC825BD01E200B0ED2C /* Sources */ = {
			isa = PBXSourcesBuildPhase;
			buildActionMask = 2147483647;
			files = (
				77DDAFD225BD01E200B0ED2C /* ApplicationCoordinatorTest.swift in Sources */,
				775B0ADA25BDBB8C00BA3A29 /* ApplicationCoordinatorSpy.swift in Sources */,
				775B0AD625BDBACB00BA3A29 /* ApplicationPresenterTest.swift in Sources */,
			);
			runOnlyForDeploymentPostprocessing = 0;
		};
/* End PBXSourcesBuildPhase section */

/* Begin PBXTargetDependency section */
		77DDAFCF25BD01E200B0ED2C /* PBXTargetDependency */ = {
			isa = PBXTargetDependency;
			target = 77DDAFB525BD01E100B0ED2C /* MLApplication */;
			targetProxy = 77DDAFCE25BD01E200B0ED2C /* PBXContainerItemProxy */;
		};
/* End PBXTargetDependency section */

/* Begin XCBuildConfiguration section */
		77DDAFD525BD01E200B0ED2C /* Debug */ = {
			isa = XCBuildConfiguration;
			buildSettings = {
				ALWAYS_SEARCH_USER_PATHS = NO;
				CLANG_ANALYZER_NONNULL = YES;
				CLANG_ANALYZER_NUMBER_OBJECT_CONVERSION = YES_AGGRESSIVE;
				CLANG_CXX_LANGUAGE_STANDARD = "gnu++14";
				CLANG_CXX_LIBRARY = "libc++";
				CLANG_ENABLE_MODULES = YES;
				CLANG_ENABLE_OBJC_ARC = YES;
				CLANG_ENABLE_OBJC_WEAK = YES;
				CLANG_WARN_BLOCK_CAPTURE_AUTORELEASING = YES;
				CLANG_WARN_BOOL_CONVERSION = YES;
				CLANG_WARN_COMMA = YES;
				CLANG_WARN_CONSTANT_CONVERSION = YES;
				CLANG_WARN_DEPRECATED_OBJC_IMPLEMENTATIONS = YES;
				CLANG_WARN_DIRECT_OBJC_ISA_USAGE = YES_ERROR;
				CLANG_WARN_DOCUMENTATION_COMMENTS = YES;
				CLANG_WARN_EMPTY_BODY = YES;
				CLANG_WARN_ENUM_CONVERSION = YES;
				CLANG_WARN_INFINITE_RECURSION = YES;
				CLANG_WARN_INT_CONVERSION = YES;
				CLANG_WARN_NON_LITERAL_NULL_CONVERSION = YES;
				CLANG_WARN_OBJC_IMPLICIT_RETAIN_SELF = YES;
				CLANG_WARN_OBJC_LITERAL_CONVERSION = YES;
				CLANG_WARN_OBJC_ROOT_CLASS = YES_ERROR;
				CLANG_WARN_QUOTED_INCLUDE_IN_FRAMEWORK_HEADER = YES;
				CLANG_WARN_RANGE_LOOP_ANALYSIS = YES;
				CLANG_WARN_STRICT_PROTOTYPES = YES;
				CLANG_WARN_SUSPICIOUS_MOVE = YES;
				CLANG_WARN_UNGUARDED_AVAILABILITY = YES_AGGRESSIVE;
				CLANG_WARN_UNREACHABLE_CODE = YES;
				CLANG_WARN__DUPLICATE_METHOD_MATCH = YES;
				COPY_PHASE_STRIP = NO;
				CURRENT_PROJECT_VERSION = 1;
				DEBUG_INFORMATION_FORMAT = dwarf;
				ENABLE_STRICT_OBJC_MSGSEND = YES;
				ENABLE_TESTABILITY = YES;
				GCC_C_LANGUAGE_STANDARD = gnu11;
				GCC_DYNAMIC_NO_PIC = NO;
				GCC_NO_COMMON_BLOCKS = YES;
				GCC_OPTIMIZATION_LEVEL = 0;
				GCC_PREPROCESSOR_DEFINITIONS = (
					"DEBUG=1",
					"$(inherited)",
				);
				GCC_WARN_64_TO_32_BIT_CONVERSION = YES;
				GCC_WARN_ABOUT_RETURN_TYPE = YES_ERROR;
				GCC_WARN_UNDECLARED_SELECTOR = YES;
				GCC_WARN_UNINITIALIZED_AUTOS = YES_AGGRESSIVE;
				GCC_WARN_UNUSED_FUNCTION = YES;
				GCC_WARN_UNUSED_VARIABLE = YES;
				IPHONEOS_DEPLOYMENT_TARGET = 13.6;
				MTL_ENABLE_DEBUG_INFO = INCLUDE_SOURCE;
				MTL_FAST_MATH = YES;
				ONLY_ACTIVE_ARCH = YES;
				SDKROOT = iphoneos;
				SWIFT_ACTIVE_COMPILATION_CONDITIONS = DEBUG;
				SWIFT_OPTIMIZATION_LEVEL = "-Onone";
				VERSIONING_SYSTEM = "apple-generic";
				VERSION_INFO_PREFIX = "";
			};
			name = Debug;
		};
		77DDAFD625BD01E200B0ED2C /* Release */ = {
			isa = XCBuildConfiguration;
			buildSettings = {
				ALWAYS_SEARCH_USER_PATHS = NO;
				CLANG_ANALYZER_NONNULL = YES;
				CLANG_ANALYZER_NUMBER_OBJECT_CONVERSION = YES_AGGRESSIVE;
				CLANG_CXX_LANGUAGE_STANDARD = "gnu++14";
				CLANG_CXX_LIBRARY = "libc++";
				CLANG_ENABLE_MODULES = YES;
				CLANG_ENABLE_OBJC_ARC = YES;
				CLANG_ENABLE_OBJC_WEAK = YES;
				CLANG_WARN_BLOCK_CAPTURE_AUTORELEASING = YES;
				CLANG_WARN_BOOL_CONVERSION = YES;
				CLANG_WARN_COMMA = YES;
				CLANG_WARN_CONSTANT_CONVERSION = YES;
				CLANG_WARN_DEPRECATED_OBJC_IMPLEMENTATIONS = YES;
				CLANG_WARN_DIRECT_OBJC_ISA_USAGE = YES_ERROR;
				CLANG_WARN_DOCUMENTATION_COMMENTS = YES;
				CLANG_WARN_EMPTY_BODY = YES;
				CLANG_WARN_ENUM_CONVERSION = YES;
				CLANG_WARN_INFINITE_RECURSION = YES;
				CLANG_WARN_INT_CONVERSION = YES;
				CLANG_WARN_NON_LITERAL_NULL_CONVERSION = YES;
				CLANG_WARN_OBJC_IMPLICIT_RETAIN_SELF = YES;
				CLANG_WARN_OBJC_LITERAL_CONVERSION = YES;
				CLANG_WARN_OBJC_ROOT_CLASS = YES_ERROR;
				CLANG_WARN_QUOTED_INCLUDE_IN_FRAMEWORK_HEADER = YES;
				CLANG_WARN_RANGE_LOOP_ANALYSIS = YES;
				CLANG_WARN_STRICT_PROTOTYPES = YES;
				CLANG_WARN_SUSPICIOUS_MOVE = YES;
				CLANG_WARN_UNGUARDED_AVAILABILITY = YES_AGGRESSIVE;
				CLANG_WARN_UNREACHABLE_CODE = YES;
				CLANG_WARN__DUPLICATE_METHOD_MATCH = YES;
				COPY_PHASE_STRIP = NO;
				CURRENT_PROJECT_VERSION = 1;
				DEBUG_INFORMATION_FORMAT = "dwarf-with-dsym";
				ENABLE_NS_ASSERTIONS = NO;
				ENABLE_STRICT_OBJC_MSGSEND = YES;
				GCC_C_LANGUAGE_STANDARD = gnu11;
				GCC_NO_COMMON_BLOCKS = YES;
				GCC_WARN_64_TO_32_BIT_CONVERSION = YES;
				GCC_WARN_ABOUT_RETURN_TYPE = YES_ERROR;
				GCC_WARN_UNDECLARED_SELECTOR = YES;
				GCC_WARN_UNINITIALIZED_AUTOS = YES_AGGRESSIVE;
				GCC_WARN_UNUSED_FUNCTION = YES;
				GCC_WARN_UNUSED_VARIABLE = YES;
				IPHONEOS_DEPLOYMENT_TARGET = 13.6;
				MTL_ENABLE_DEBUG_INFO = NO;
				MTL_FAST_MATH = YES;
				SDKROOT = iphoneos;
				SWIFT_COMPILATION_MODE = wholemodule;
				SWIFT_OPTIMIZATION_LEVEL = "-O";
				VALIDATE_PRODUCT = YES;
				VERSIONING_SYSTEM = "apple-generic";
				VERSION_INFO_PREFIX = "";
			};
			name = Release;
		};
		77DDAFD825BD01E200B0ED2C /* Debug */ = {
			isa = XCBuildConfiguration;
			buildSettings = {
				CODE_SIGN_STYLE = Automatic;
				DEFINES_MODULE = YES;
				DEVELOPMENT_TEAM = QQZCAF8474;
				DYLIB_COMPATIBILITY_VERSION = 1;
				DYLIB_CURRENT_VERSION = 1;
				DYLIB_INSTALL_NAME_BASE = "@rpath";
				INFOPLIST_FILE = MLApplication/Info.plist;
				INSTALL_PATH = "$(LOCAL_LIBRARY_DIR)/Frameworks";
				IPHONEOS_DEPLOYMENT_TARGET = 13.0;
				LD_RUNPATH_SEARCH_PATHS = (
					"$(inherited)",
					"@executable_path/Frameworks",
					"@loader_path/Frameworks",
				);
				PRODUCT_BUNDLE_IDENTIFIER = com.cebollitas.MLApplication;
				PRODUCT_NAME = "$(TARGET_NAME:c99extidentifier)";
				SKIP_INSTALL = YES;
				SUPPORTS_MACCATALYST = NO;
				SWIFT_VERSION = 5.0;
				TARGETED_DEVICE_FAMILY = 1;
			};
			name = Debug;
		};
		77DDAFD925BD01E200B0ED2C /* Release */ = {
			isa = XCBuildConfiguration;
			buildSettings = {
				CODE_SIGN_STYLE = Automatic;
				DEFINES_MODULE = YES;
				DEVELOPMENT_TEAM = QQZCAF8474;
				DYLIB_COMPATIBILITY_VERSION = 1;
				DYLIB_CURRENT_VERSION = 1;
				DYLIB_INSTALL_NAME_BASE = "@rpath";
				INFOPLIST_FILE = MLApplication/Info.plist;
				INSTALL_PATH = "$(LOCAL_LIBRARY_DIR)/Frameworks";
				IPHONEOS_DEPLOYMENT_TARGET = 13.0;
				LD_RUNPATH_SEARCH_PATHS = (
					"$(inherited)",
					"@executable_path/Frameworks",
					"@loader_path/Frameworks",
				);
				PRODUCT_BUNDLE_IDENTIFIER = com.cebollitas.MLApplication;
				PRODUCT_NAME = "$(TARGET_NAME:c99extidentifier)";
				SKIP_INSTALL = YES;
				SUPPORTS_MACCATALYST = NO;
				SWIFT_VERSION = 5.0;
				TARGETED_DEVICE_FAMILY = 1;
			};
			name = Release;
		};
		77DDAFDB25BD01E200B0ED2C /* Debug */ = {
			isa = XCBuildConfiguration;
			buildSettings = {
				ALWAYS_EMBED_SWIFT_STANDARD_LIBRARIES = YES;
				CODE_SIGN_STYLE = Automatic;
				DEVELOPMENT_TEAM = QQZCAF8474;
				INFOPLIST_FILE = MLApplicationTests/Info.plist;
				LD_RUNPATH_SEARCH_PATHS = (
					"$(inherited)",
					"@executable_path/Frameworks",
					"@loader_path/Frameworks",
				);
				PRODUCT_BUNDLE_IDENTIFIER = com.cebollitas.MLApplicationTests;
				PRODUCT_NAME = "$(TARGET_NAME)";
				SWIFT_VERSION = 5.0;
				TARGETED_DEVICE_FAMILY = "1,2";
			};
			name = Debug;
		};
		77DDAFDC25BD01E200B0ED2C /* Release */ = {
			isa = XCBuildConfiguration;
			buildSettings = {
				ALWAYS_EMBED_SWIFT_STANDARD_LIBRARIES = YES;
				CODE_SIGN_STYLE = Automatic;
				DEVELOPMENT_TEAM = QQZCAF8474;
				INFOPLIST_FILE = MLApplicationTests/Info.plist;
				LD_RUNPATH_SEARCH_PATHS = (
					"$(inherited)",
					"@executable_path/Frameworks",
					"@loader_path/Frameworks",
				);
				PRODUCT_BUNDLE_IDENTIFIER = com.cebollitas.MLApplicationTests;
				PRODUCT_NAME = "$(TARGET_NAME)";
				SWIFT_VERSION = 5.0;
				TARGETED_DEVICE_FAMILY = "1,2";
			};
			name = Release;
		};
/* End XCBuildConfiguration section */

/* Begin XCConfigurationList section */
		77DDAFB025BD01E100B0ED2C /* Build configuration list for PBXProject "MLApplication" */ = {
			isa = XCConfigurationList;
			buildConfigurations = (
				77DDAFD525BD01E200B0ED2C /* Debug */,
				77DDAFD625BD01E200B0ED2C /* Release */,
			);
			defaultConfigurationIsVisible = 0;
			defaultConfigurationName = Release;
		};
		77DDAFD725BD01E200B0ED2C /* Build configuration list for PBXNativeTarget "MLApplication" */ = {
			isa = XCConfigurationList;
			buildConfigurations = (
				77DDAFD825BD01E200B0ED2C /* Debug */,
				77DDAFD925BD01E200B0ED2C /* Release */,
			);
			defaultConfigurationIsVisible = 0;
			defaultConfigurationName = Release;
		};
		77DDAFDA25BD01E200B0ED2C /* Build configuration list for PBXNativeTarget "MLApplicationTests" */ = {
			isa = XCConfigurationList;
			buildConfigurations = (
				77DDAFDB25BD01E200B0ED2C /* Debug */,
				77DDAFDC25BD01E200B0ED2C /* Release */,
			);
			defaultConfigurationIsVisible = 0;
			defaultConfigurationName = Release;
		};
/* End XCConfigurationList section */
	};
	rootObject = 77DDAFAD25BD01E100B0ED2C /* Project object */;
}
