// !$*UTF8*$!
{
	archiveVersion = 1;
	classes = {
	};
	objectVersion = 50;
	objects = {

/* Begin PBXBuildFile section */
		77315F4725BE1FB300935032 /* APIProductList.swift in Sources */ = {isa = PBXBuildFile; fileRef = 77315F4625BE1FB300935032 /* APIProductList.swift */; };
		77315F5E25BE264B00935032 /* APIProductListResult.swift in Sources */ = {isa = PBXBuildFile; fileRef = 77315F5D25BE264B00935032 /* APIProductListResult.swift */; };
		77315F6125BE265A00935032 /* APIShipping.swift in Sources */ = {isa = PBXBuildFile; fileRef = 77315F6025BE265A00935032 /* APIShipping.swift */; };
		77315F7525BE292800935032 /* ProductListWrapper.swift in Sources */ = {isa = PBXBuildFile; fileRef = 77315F7425BE292800935032 /* ProductListWrapper.swift */; };
		77315F7925BE297700935032 /* ProductList.swift in Sources */ = {isa = PBXBuildFile; fileRef = 77315F7825BE297700935032 /* ProductList.swift */; };
		77315F8625BE2ABC00935032 /* ProductListResult.swift in Sources */ = {isa = PBXBuildFile; fileRef = 77315F8525BE2ABC00935032 /* ProductListResult.swift */; };
		77315F9325BE43D200935032 /* SearchProductUseCase.swift in Sources */ = {isa = PBXBuildFile; fileRef = 77315F9225BE43D200935032 /* SearchProductUseCase.swift */; };
		77315FC725BE702A00935032 /* ProductCollectionViewDataSource.swift in Sources */ = {isa = PBXBuildFile; fileRef = 77315FC625BE702A00935032 /* ProductCollectionViewDataSource.swift */; };
		77315FCA25BE703F00935032 /* ProducListSectionViewModel.swift in Sources */ = {isa = PBXBuildFile; fileRef = 77315FC925BE703F00935032 /* ProducListSectionViewModel.swift */; };
		77315FCD25BE705300935032 /* ProducListCellViewModel.swift in Sources */ = {isa = PBXBuildFile; fileRef = 77315FCC25BE705300935032 /* ProducListCellViewModel.swift */; };
		77315FD025BE708300935032 /* ProducListCollectionViewCell.swift in Sources */ = {isa = PBXBuildFile; fileRef = 77315FCF25BE708300935032 /* ProducListCollectionViewCell.swift */; };
		775B0AE125BDE78900BA3A29 /* ProductListRepository.swift in Sources */ = {isa = PBXBuildFile; fileRef = 775B0AE025BDE78900BA3A29 /* ProductListRepository.swift */; };
		775B0AE425BDE79F00BA3A29 /* ProductRespositoryType.swift in Sources */ = {isa = PBXBuildFile; fileRef = 775B0AE325BDE79F00BA3A29 /* ProductRespositoryType.swift */; };
		775B0AEA25BDE89F00BA3A29 /* ProductListRespositoryTest.swift in Sources */ = {isa = PBXBuildFile; fileRef = 775B0AE925BDE89F00BA3A29 /* ProductListRespositoryTest.swift */; };
		77DDAFED25BDB16400B0ED2C /* ProductListConfigurator.swift in Sources */ = {isa = PBXBuildFile; fileRef = 77DDAFEC25BDB16400B0ED2C /* ProductListConfigurator.swift */; };
		77DDAFEF25BDB16400B0ED2C /* ProductListContract.swift in Sources */ = {isa = PBXBuildFile; fileRef = 77DDAFEE25BDB16400B0ED2C /* ProductListContract.swift */; };
		77DDAFF325BDB16400B0ED2C /* ProductListPresenter.swift in Sources */ = {isa = PBXBuildFile; fileRef = 77DDAFF225BDB16400B0ED2C /* ProductListPresenter.swift */; };
		77DDAFF525BDB16400B0ED2C /* ProductListViewController.swift in Sources */ = {isa = PBXBuildFile; fileRef = 77DDAFF425BDB16400B0ED2C /* ProductListViewController.swift */; };
		77DDAFF725BDB16400B0ED2C /* ProductListView.swift in Sources */ = {isa = PBXBuildFile; fileRef = 77DDAFF625BDB16400B0ED2C /* ProductListView.swift */; };
		77DDAFFE25BDB16400B0ED2C /* ProductList.framework in Frameworks */ = {isa = PBXBuildFile; fileRef = 77DDAFE725BDB16400B0ED2C /* ProductList.framework */; };
		77DDB01125BDB18000B0ED2C /* MLTechCore.framework in Frameworks */ = {isa = PBXBuildFile; fileRef = 77DDB00F25BDB18000B0ED2C /* MLTechCore.framework */; };
		77DDB01225BDB18000B0ED2C /* MLTechCore.framework in Embed Frameworks */ = {isa = PBXBuildFile; fileRef = 77DDB00F25BDB18000B0ED2C /* MLTechCore.framework */; settings = {ATTRIBUTES = (CodeSignOnCopy, RemoveHeadersOnCopy, ); }; };
		77DDB01325BDB18000B0ED2C /* MLTechNetwork.framework in Frameworks */ = {isa = PBXBuildFile; fileRef = 77DDB01025BDB18000B0ED2C /* MLTechNetwork.framework */; };
		77DDB01425BDB18000B0ED2C /* MLTechNetwork.framework in Embed Frameworks */ = {isa = PBXBuildFile; fileRef = 77DDB01025BDB18000B0ED2C /* MLTechNetwork.framework */; settings = {ATTRIBUTES = (CodeSignOnCopy, RemoveHeadersOnCopy, ); }; };
/* End PBXBuildFile section */

/* Begin PBXContainerItemProxy section */
		77DDAFFF25BDB16400B0ED2C /* PBXContainerItemProxy */ = {
			isa = PBXContainerItemProxy;
			containerPortal = 77DDAFDE25BDB16300B0ED2C /* Project object */;
			proxyType = 1;
			remoteGlobalIDString = 77DDAFE625BDB16400B0ED2C;
			remoteInfo = ProductList;
		};
/* End PBXContainerItemProxy section */

/* Begin PBXCopyFilesBuildPhase section */
		77DDB01525BDB18100B0ED2C /* Embed Frameworks */ = {
			isa = PBXCopyFilesBuildPhase;
			buildActionMask = 2147483647;
			dstPath = "";
			dstSubfolderSpec = 10;
			files = (
				77DDB01425BDB18000B0ED2C /* MLTechNetwork.framework in Embed Frameworks */,
				77DDB01225BDB18000B0ED2C /* MLTechCore.framework in Embed Frameworks */,
			);
			name = "Embed Frameworks";
			runOnlyForDeploymentPostprocessing = 0;
		};
/* End PBXCopyFilesBuildPhase section */

/* Begin PBXFileReference section */
		77315F4625BE1FB300935032 /* APIProductList.swift */ = {isa = PBXFileReference; fileEncoding = 4; lastKnownFileType = sourcecode.swift; path = APIProductList.swift; sourceTree = "<group>"; };
		77315F5D25BE264B00935032 /* APIProductListResult.swift */ = {isa = PBXFileReference; lastKnownFileType = sourcecode.swift; path = APIProductListResult.swift; sourceTree = "<group>"; };
		77315F6025BE265A00935032 /* APIShipping.swift */ = {isa = PBXFileReference; lastKnownFileType = sourcecode.swift; path = APIShipping.swift; sourceTree = "<group>"; };
		77315F7425BE292800935032 /* ProductListWrapper.swift */ = {isa = PBXFileReference; lastKnownFileType = sourcecode.swift; path = ProductListWrapper.swift; sourceTree = "<group>"; };
		77315F7825BE297700935032 /* ProductList.swift */ = {isa = PBXFileReference; lastKnownFileType = sourcecode.swift; path = ProductList.swift; sourceTree = "<group>"; };
		77315F8525BE2ABC00935032 /* ProductListResult.swift */ = {isa = PBXFileReference; lastKnownFileType = sourcecode.swift; path = ProductListResult.swift; sourceTree = "<group>"; };
		77315F9225BE43D200935032 /* SearchProductUseCase.swift */ = {isa = PBXFileReference; lastKnownFileType = sourcecode.swift; path = SearchProductUseCase.swift; sourceTree = "<group>"; };
		77315FC625BE702A00935032 /* ProductCollectionViewDataSource.swift */ = {isa = PBXFileReference; lastKnownFileType = sourcecode.swift; path = ProductCollectionViewDataSource.swift; sourceTree = "<group>"; };
		77315FC925BE703F00935032 /* ProducListSectionViewModel.swift */ = {isa = PBXFileReference; lastKnownFileType = sourcecode.swift; path = ProducListSectionViewModel.swift; sourceTree = "<group>"; };
		77315FCC25BE705300935032 /* ProducListCellViewModel.swift */ = {isa = PBXFileReference; lastKnownFileType = sourcecode.swift; path = ProducListCellViewModel.swift; sourceTree = "<group>"; };
		77315FCF25BE708300935032 /* ProducListCollectionViewCell.swift */ = {isa = PBXFileReference; lastKnownFileType = sourcecode.swift; path = ProducListCollectionViewCell.swift; sourceTree = "<group>"; };
		775B0AE025BDE78900BA3A29 /* ProductListRepository.swift */ = {isa = PBXFileReference; lastKnownFileType = sourcecode.swift; path = ProductListRepository.swift; sourceTree = "<group>"; };
		775B0AE325BDE79F00BA3A29 /* ProductRespositoryType.swift */ = {isa = PBXFileReference; lastKnownFileType = sourcecode.swift; path = ProductRespositoryType.swift; sourceTree = "<group>"; };
		775B0AE925BDE89F00BA3A29 /* ProductListRespositoryTest.swift */ = {isa = PBXFileReference; lastKnownFileType = sourcecode.swift; path = ProductListRespositoryTest.swift; sourceTree = "<group>"; };
		77DDAFE725BDB16400B0ED2C /* ProductList.framework */ = {isa = PBXFileReference; explicitFileType = wrapper.framework; includeInIndex = 0; path = ProductList.framework; sourceTree = BUILT_PRODUCTS_DIR; };
		77DDAFEC25BDB16400B0ED2C /* ProductListConfigurator.swift */ = {isa = PBXFileReference; lastKnownFileType = sourcecode.swift; path = ProductListConfigurator.swift; sourceTree = "<group>"; };
		77DDAFEE25BDB16400B0ED2C /* ProductListContract.swift */ = {isa = PBXFileReference; lastKnownFileType = sourcecode.swift; path = ProductListContract.swift; sourceTree = "<group>"; };
		77DDAFF225BDB16400B0ED2C /* ProductListPresenter.swift */ = {isa = PBXFileReference; lastKnownFileType = sourcecode.swift; path = ProductListPresenter.swift; sourceTree = "<group>"; };
		77DDAFF425BDB16400B0ED2C /* ProductListViewController.swift */ = {isa = PBXFileReference; lastKnownFileType = sourcecode.swift; path = ProductListViewController.swift; sourceTree = "<group>"; };
		77DDAFF625BDB16400B0ED2C /* ProductListView.swift */ = {isa = PBXFileReference; lastKnownFileType = sourcecode.swift; path = ProductListView.swift; sourceTree = "<group>"; };
		77DDAFF825BDB16400B0ED2C /* Info.plist */ = {isa = PBXFileReference; lastKnownFileType = text.plist.xml; path = Info.plist; sourceTree = "<group>"; };
		77DDAFFD25BDB16400B0ED2C /* ProductListTests.xctest */ = {isa = PBXFileReference; explicitFileType = wrapper.cfbundle; includeInIndex = 0; path = ProductListTests.xctest; sourceTree = BUILT_PRODUCTS_DIR; };
		77DDB00425BDB16400B0ED2C /* Info.plist */ = {isa = PBXFileReference; lastKnownFileType = text.plist.xml; path = Info.plist; sourceTree = "<group>"; };
		77DDB00F25BDB18000B0ED2C /* MLTechCore.framework */ = {isa = PBXFileReference; explicitFileType = wrapper.framework; path = MLTechCore.framework; sourceTree = BUILT_PRODUCTS_DIR; };
		77DDB01025BDB18000B0ED2C /* MLTechNetwork.framework */ = {isa = PBXFileReference; explicitFileType = wrapper.framework; path = MLTechNetwork.framework; sourceTree = BUILT_PRODUCTS_DIR; };
/* End PBXFileReference section */

/* Begin PBXFrameworksBuildPhase section */
		77DDAFE425BDB16400B0ED2C /* Frameworks */ = {
			isa = PBXFrameworksBuildPhase;
			buildActionMask = 2147483647;
			files = (
				77DDB01325BDB18000B0ED2C /* MLTechNetwork.framework in Frameworks */,
				77DDB01125BDB18000B0ED2C /* MLTechCore.framework in Frameworks */,
			);
			runOnlyForDeploymentPostprocessing = 0;
		};
		77DDAFFA25BDB16400B0ED2C /* Frameworks */ = {
			isa = PBXFrameworksBuildPhase;
			buildActionMask = 2147483647;
			files = (
				77DDAFFE25BDB16400B0ED2C /* ProductList.framework in Frameworks */,
			);
			runOnlyForDeploymentPostprocessing = 0;
		};
/* End PBXFrameworksBuildPhase section */

/* Begin PBXGroup section */
		77315F4025BE1F1E00935032 /* Repository */ = {
			isa = PBXGroup;
			children = (
				775B0AE925BDE89F00BA3A29 /* ProductListRespositoryTest.swift */,
			);
			path = Repository;
			sourceTree = "<group>";
		};
		77315F4525BE1FB300935032 /* APIModel */ = {
			isa = PBXGroup;
			children = (
				77315F4625BE1FB300935032 /* APIProductList.swift */,
				77315F5D25BE264B00935032 /* APIProductListResult.swift */,
				77315F6025BE265A00935032 /* APIShipping.swift */,
			);
			path = APIModel;
			sourceTree = "<group>";
		};
		77315F4925BE1FC700935032 /* Repository */ = {
			isa = PBXGroup;
			children = (
				775B0AE325BDE79F00BA3A29 /* ProductRespositoryType.swift */,
			);
			path = Repository;
			sourceTree = "<group>";
		};
		77315F6B25BE288A00935032 /* Wrapper */ = {
			isa = PBXGroup;
			children = (
				77315F7425BE292800935032 /* ProductListWrapper.swift */,
			);
			path = Wrapper;
			sourceTree = "<group>";
		};
		77315F7725BE296200935032 /* Model */ = {
			isa = PBXGroup;
			children = (
				77315F7825BE297700935032 /* ProductList.swift */,
				77315F8525BE2ABC00935032 /* ProductListResult.swift */,
			);
			path = Model;
			sourceTree = "<group>";
		};
		77315F9125BE43C500935032 /* UseCase */ = {
			isa = PBXGroup;
			children = (
				77315F9225BE43D200935032 /* SearchProductUseCase.swift */,
			);
			path = UseCase;
			sourceTree = "<group>";
		};
		77315F9E25BE5E7500935032 /* CollectionView */ = {
			isa = PBXGroup;
			children = (
				77315FC625BE702A00935032 /* ProductCollectionViewDataSource.swift */,
				77315FC925BE703F00935032 /* ProducListSectionViewModel.swift */,
				77315FCC25BE705300935032 /* ProducListCellViewModel.swift */,
				77315FCF25BE708300935032 /* ProducListCollectionViewCell.swift */,
			);
			path = CollectionView;
			sourceTree = "<group>";
		};
		775B0ADD25BDCDB700BA3A29 /* Domain */ = {
			isa = PBXGroup;
			children = (
				77315F9125BE43C500935032 /* UseCase */,
				77315F7725BE296200935032 /* Model */,
				77315F4925BE1FC700935032 /* Repository */,
			);
			path = Domain;
			sourceTree = "<group>";
		};
		775B0ADE25BDCE8700BA3A29 /* Data */ = {
			isa = PBXGroup;
			children = (
				77315F6B25BE288A00935032 /* Wrapper */,
				77315F4525BE1FB300935032 /* APIModel */,
				775B0AF825BE1EFA00BA3A29 /* Repository */,
			);
			path = Data;
			sourceTree = "<group>";
		};
		775B0AE625BDE88C00BA3A29 /* Data */ = {
			isa = PBXGroup;
			children = (
				77315F4025BE1F1E00935032 /* Repository */,
			);
			path = Data;
			sourceTree = "<group>";
		};
		775B0AF825BE1EFA00BA3A29 /* Repository */ = {
			isa = PBXGroup;
			children = (
				775B0AE025BDE78900BA3A29 /* ProductListRepository.swift */,
			);
			path = Repository;
			sourceTree = "<group>";
		};
		77DDAFDD25BDB16300B0ED2C = {
			isa = PBXGroup;
			children = (
				77DDAFE925BDB16400B0ED2C /* ProductList */,
				77DDB00125BDB16400B0ED2C /* ProductListTests */,
				77DDAFE825BDB16400B0ED2C /* Products */,
				77DDB00E25BDB18000B0ED2C /* Frameworks */,
			);
			sourceTree = "<group>";
		};
		77DDAFE825BDB16400B0ED2C /* Products */ = {
			isa = PBXGroup;
			children = (
				77DDAFE725BDB16400B0ED2C /* ProductList.framework */,
				77DDAFFD25BDB16400B0ED2C /* ProductListTests.xctest */,
			);
			name = Products;
			sourceTree = "<group>";
		};
		77DDAFE925BDB16400B0ED2C /* ProductList */ = {
			isa = PBXGroup;
			children = (
				77DDAFF825BDB16400B0ED2C /* Info.plist */,
				775B0ADD25BDCDB700BA3A29 /* Domain */,
				775B0ADE25BDCE8700BA3A29 /* Data */,
				77DDAFEB25BDB16400B0ED2C /* Presentation */,
			);
			path = ProductList;
			sourceTree = "<group>";
		};
		77DDAFEB25BDB16400B0ED2C /* Presentation */ = {
			isa = PBXGroup;
			children = (
				77DDAFEC25BDB16400B0ED2C /* ProductListConfigurator.swift */,
				77DDAFEE25BDB16400B0ED2C /* ProductListContract.swift */,
				77DDAFF225BDB16400B0ED2C /* ProductListPresenter.swift */,
				77DDAFF625BDB16400B0ED2C /* ProductListView.swift */,
				77DDAFF425BDB16400B0ED2C /* ProductListViewController.swift */,
				77315F9E25BE5E7500935032 /* CollectionView */,
			);
			path = Presentation;
			sourceTree = "<group>";
		};
		77DDB00125BDB16400B0ED2C /* ProductListTests */ = {
			isa = PBXGroup;
			children = (
				77DDB00425BDB16400B0ED2C /* Info.plist */,
				775B0AE625BDE88C00BA3A29 /* Data */,
			);
			path = ProductListTests;
			sourceTree = "<group>";
		};
		77DDB00E25BDB18000B0ED2C /* Frameworks */ = {
			isa = PBXGroup;
			children = (
				77DDB00F25BDB18000B0ED2C /* MLTechCore.framework */,
				77DDB01025BDB18000B0ED2C /* MLTechNetwork.framework */,
			);
			name = Frameworks;
			sourceTree = "<group>";
		};
/* End PBXGroup section */

/* Begin PBXHeadersBuildPhase section */
		77DDAFE225BDB16400B0ED2C /* Headers */ = {
			isa = PBXHeadersBuildPhase;
			buildActionMask = 2147483647;
			files = (
			);
			runOnlyForDeploymentPostprocessing = 0;
		};
/* End PBXHeadersBuildPhase section */

/* Begin PBXNativeTarget section */
		77DDAFE625BDB16400B0ED2C /* ProductList */ = {
			isa = PBXNativeTarget;
			buildConfigurationList = 77DDB00825BDB16400B0ED2C /* Build configuration list for PBXNativeTarget "ProductList" */;
			buildPhases = (
				77DDAFE225BDB16400B0ED2C /* Headers */,
				77DDAFE325BDB16400B0ED2C /* Sources */,
				77DDAFE425BDB16400B0ED2C /* Frameworks */,
				77DDAFE525BDB16400B0ED2C /* Resources */,
				77DDB01525BDB18100B0ED2C /* Embed Frameworks */,
			);
			buildRules = (
			);
			dependencies = (
			);
			name = ProductList;
			productName = ProductList;
			productReference = 77DDAFE725BDB16400B0ED2C /* ProductList.framework */;
			productType = "com.apple.product-type.framework";
		};
		77DDAFFC25BDB16400B0ED2C /* ProductListTests */ = {
			isa = PBXNativeTarget;
			buildConfigurationList = 77DDB00B25BDB16400B0ED2C /* Build configuration list for PBXNativeTarget "ProductListTests" */;
			buildPhases = (
				77DDAFF925BDB16400B0ED2C /* Sources */,
				77DDAFFA25BDB16400B0ED2C /* Frameworks */,
				77DDAFFB25BDB16400B0ED2C /* Resources */,
			);
			buildRules = (
			);
			dependencies = (
				77DDB00025BDB16400B0ED2C /* PBXTargetDependency */,
			);
			name = ProductListTests;
			productName = ProductListTests;
			productReference = 77DDAFFD25BDB16400B0ED2C /* ProductListTests.xctest */;
			productType = "com.apple.product-type.bundle.unit-test";
		};
/* End PBXNativeTarget section */

/* Begin PBXProject section */
		77DDAFDE25BDB16300B0ED2C /* Project object */ = {
			isa = PBXProject;
			attributes = {
				LastSwiftUpdateCheck = 1160;
				LastUpgradeCheck = 1230;
				ORGANIZATIONNAME = Cebollitas;
				TargetAttributes = {
					77DDAFE625BDB16400B0ED2C = {
						CreatedOnToolsVersion = 11.6;
					};
					77DDAFFC25BDB16400B0ED2C = {
						CreatedOnToolsVersion = 11.6;
						LastSwiftMigration = 1230;
					};
				};
			};
			buildConfigurationList = 77DDAFE125BDB16300B0ED2C /* Build configuration list for PBXProject "ProductList" */;
			compatibilityVersion = "Xcode 9.3";
			developmentRegion = en;
			hasScannedForEncodings = 0;
			knownRegions = (
				en,
				Base,
			);
			mainGroup = 77DDAFDD25BDB16300B0ED2C;
			productRefGroup = 77DDAFE825BDB16400B0ED2C /* Products */;
			projectDirPath = "";
			projectRoot = "";
			targets = (
				77DDAFE625BDB16400B0ED2C /* ProductList */,
				77DDAFFC25BDB16400B0ED2C /* ProductListTests */,
			);
		};
/* End PBXProject section */

/* Begin PBXResourcesBuildPhase section */
		77DDAFE525BDB16400B0ED2C /* Resources */ = {
			isa = PBXResourcesBuildPhase;
			buildActionMask = 2147483647;
			files = (
			);
			runOnlyForDeploymentPostprocessing = 0;
		};
		77DDAFFB25BDB16400B0ED2C /* Resources */ = {
			isa = PBXResourcesBuildPhase;
			buildActionMask = 2147483647;
			files = (
			);
			runOnlyForDeploymentPostprocessing = 0;
		};
/* End PBXResourcesBuildPhase section */

/* Begin PBXSourcesBuildPhase section */
		77DDAFE325BDB16400B0ED2C /* Sources */ = {
			isa = PBXSourcesBuildPhase;
			buildActionMask = 2147483647;
			files = (
				77DDAFF725BDB16400B0ED2C /* ProductListView.swift in Sources */,
				77DDAFED25BDB16400B0ED2C /* ProductListConfigurator.swift in Sources */,
				77DDAFF525BDB16400B0ED2C /* ProductListViewController.swift in Sources */,
				77315F5E25BE264B00935032 /* APIProductListResult.swift in Sources */,
				775B0AE125BDE78900BA3A29 /* ProductListRepository.swift in Sources */,
				775B0AE425BDE79F00BA3A29 /* ProductRespositoryType.swift in Sources */,
				77315FC725BE702A00935032 /* ProductCollectionViewDataSource.swift in Sources */,
				77315F6125BE265A00935032 /* APIShipping.swift in Sources */,
				77DDAFF325BDB16400B0ED2C /* ProductListPresenter.swift in Sources */,
				77315FD025BE708300935032 /* ProducListCollectionViewCell.swift in Sources */,
				77315F7525BE292800935032 /* ProductListWrapper.swift in Sources */,
				77315FCA25BE703F00935032 /* ProducListSectionViewModel.swift in Sources */,
				77315F9325BE43D200935032 /* SearchProductUseCase.swift in Sources */,
				77315F8625BE2ABC00935032 /* ProductListResult.swift in Sources */,
				77315F7925BE297700935032 /* ProductList.swift in Sources */,
				77315F4725BE1FB300935032 /* APIProductList.swift in Sources */,
				77315FCD25BE705300935032 /* ProducListCellViewModel.swift in Sources */,
				77DDAFEF25BDB16400B0ED2C /* ProductListContract.swift in Sources */,
			);
			runOnlyForDeploymentPostprocessing = 0;
		};
		77DDAFF925BDB16400B0ED2C /* Sources */ = {
			isa = PBXSourcesBuildPhase;
			buildActionMask = 2147483647;
			files = (
				775B0AEA25BDE89F00BA3A29 /* ProductListRespositoryTest.swift in Sources */,
			);
			runOnlyForDeploymentPostprocessing = 0;
		};
/* End PBXSourcesBuildPhase section */

/* Begin PBXTargetDependency section */
		77DDB00025BDB16400B0ED2C /* PBXTargetDependency */ = {
			isa = PBXTargetDependency;
			target = 77DDAFE625BDB16400B0ED2C /* ProductList */;
			targetProxy = 77DDAFFF25BDB16400B0ED2C /* PBXContainerItemProxy */;
		};
/* End PBXTargetDependency section */

/* Begin XCBuildConfiguration section */
		77DDB00625BDB16400B0ED2C /* Debug */ = {
			isa = XCBuildConfiguration;
			buildSettings = {
				ALWAYS_SEARCH_USER_PATHS = NO;
				CLANG_ANALYZER_NONNULL = YES;
				CLANG_ANALYZER_NUMBER_OBJECT_CONVERSION = YES_AGGRESSIVE;
				CLANG_CXX_LANGUAGE_STANDARD = "gnu++14";
				CLANG_CXX_LIBRARY = "libc++";
				CLANG_ENABLE_MODULES = YES;
				CLANG_ENABLE_OBJC_ARC = YES;
				CLANG_ENABLE_OBJC_WEAK = YES;
				CLANG_WARN_BLOCK_CAPTURE_AUTORELEASING = YES;
				CLANG_WARN_BOOL_CONVERSION = YES;
				CLANG_WARN_COMMA = YES;
				CLANG_WARN_CONSTANT_CONVERSION = YES;
				CLANG_WARN_DEPRECATED_OBJC_IMPLEMENTATIONS = YES;
				CLANG_WARN_DIRECT_OBJC_ISA_USAGE = YES_ERROR;
				CLANG_WARN_DOCUMENTATION_COMMENTS = YES;
				CLANG_WARN_EMPTY_BODY = YES;
				CLANG_WARN_ENUM_CONVERSION = YES;
				CLANG_WARN_INFINITE_RECURSION = YES;
				CLANG_WARN_INT_CONVERSION = YES;
				CLANG_WARN_NON_LITERAL_NULL_CONVERSION = YES;
				CLANG_WARN_OBJC_IMPLICIT_RETAIN_SELF = YES;
				CLANG_WARN_OBJC_LITERAL_CONVERSION = YES;
				CLANG_WARN_OBJC_ROOT_CLASS = YES_ERROR;
				CLANG_WARN_QUOTED_INCLUDE_IN_FRAMEWORK_HEADER = YES;
				CLANG_WARN_RANGE_LOOP_ANALYSIS = YES;
				CLANG_WARN_STRICT_PROTOTYPES = YES;
				CLANG_WARN_SUSPICIOUS_MOVE = YES;
				CLANG_WARN_UNGUARDED_AVAILABILITY = YES_AGGRESSIVE;
				CLANG_WARN_UNREACHABLE_CODE = YES;
				CLANG_WARN__DUPLICATE_METHOD_MATCH = YES;
				COPY_PHASE_STRIP = NO;
				CURRENT_PROJECT_VERSION = 1;
				DEBUG_INFORMATION_FORMAT = dwarf;
				ENABLE_STRICT_OBJC_MSGSEND = YES;
				ENABLE_TESTABILITY = YES;
				GCC_C_LANGUAGE_STANDARD = gnu11;
				GCC_DYNAMIC_NO_PIC = NO;
				GCC_NO_COMMON_BLOCKS = YES;
				GCC_OPTIMIZATION_LEVEL = 0;
				GCC_PREPROCESSOR_DEFINITIONS = (
					"DEBUG=1",
					"$(inherited)",
				);
				GCC_WARN_64_TO_32_BIT_CONVERSION = YES;
				GCC_WARN_ABOUT_RETURN_TYPE = YES_ERROR;
				GCC_WARN_UNDECLARED_SELECTOR = YES;
				GCC_WARN_UNINITIALIZED_AUTOS = YES_AGGRESSIVE;
				GCC_WARN_UNUSED_FUNCTION = YES;
				GCC_WARN_UNUSED_VARIABLE = YES;
				IPHONEOS_DEPLOYMENT_TARGET = 13.6;
				MTL_ENABLE_DEBUG_INFO = INCLUDE_SOURCE;
				MTL_FAST_MATH = YES;
				ONLY_ACTIVE_ARCH = YES;
				SDKROOT = iphoneos;
				SWIFT_ACTIVE_COMPILATION_CONDITIONS = DEBUG;
				SWIFT_OPTIMIZATION_LEVEL = "-Onone";
				VERSIONING_SYSTEM = "apple-generic";
				VERSION_INFO_PREFIX = "";
			};
			name = Debug;
		};
		77DDB00725BDB16400B0ED2C /* Release */ = {
			isa = XCBuildConfiguration;
			buildSettings = {
				ALWAYS_SEARCH_USER_PATHS = NO;
				CLANG_ANALYZER_NONNULL = YES;
				CLANG_ANALYZER_NUMBER_OBJECT_CONVERSION = YES_AGGRESSIVE;
				CLANG_CXX_LANGUAGE_STANDARD = "gnu++14";
				CLANG_CXX_LIBRARY = "libc++";
				CLANG_ENABLE_MODULES = YES;
				CLANG_ENABLE_OBJC_ARC = YES;
				CLANG_ENABLE_OBJC_WEAK = YES;
				CLANG_WARN_BLOCK_CAPTURE_AUTORELEASING = YES;
				CLANG_WARN_BOOL_CONVERSION = YES;
				CLANG_WARN_COMMA = YES;
				CLANG_WARN_CONSTANT_CONVERSION = YES;
				CLANG_WARN_DEPRECATED_OBJC_IMPLEMENTATIONS = YES;
				CLANG_WARN_DIRECT_OBJC_ISA_USAGE = YES_ERROR;
				CLANG_WARN_DOCUMENTATION_COMMENTS = YES;
				CLANG_WARN_EMPTY_BODY = YES;
				CLANG_WARN_ENUM_CONVERSION = YES;
				CLANG_WARN_INFINITE_RECURSION = YES;
				CLANG_WARN_INT_CONVERSION = YES;
				CLANG_WARN_NON_LITERAL_NULL_CONVERSION = YES;
				CLANG_WARN_OBJC_IMPLICIT_RETAIN_SELF = YES;
				CLANG_WARN_OBJC_LITERAL_CONVERSION = YES;
				CLANG_WARN_OBJC_ROOT_CLASS = YES_ERROR;
				CLANG_WARN_QUOTED_INCLUDE_IN_FRAMEWORK_HEADER = YES;
				CLANG_WARN_RANGE_LOOP_ANALYSIS = YES;
				CLANG_WARN_STRICT_PROTOTYPES = YES;
				CLANG_WARN_SUSPICIOUS_MOVE = YES;
				CLANG_WARN_UNGUARDED_AVAILABILITY = YES_AGGRESSIVE;
				CLANG_WARN_UNREACHABLE_CODE = YES;
				CLANG_WARN__DUPLICATE_METHOD_MATCH = YES;
				COPY_PHASE_STRIP = NO;
				CURRENT_PROJECT_VERSION = 1;
				DEBUG_INFORMATION_FORMAT = "dwarf-with-dsym";
				ENABLE_NS_ASSERTIONS = NO;
				ENABLE_STRICT_OBJC_MSGSEND = YES;
				GCC_C_LANGUAGE_STANDARD = gnu11;
				GCC_NO_COMMON_BLOCKS = YES;
				GCC_WARN_64_TO_32_BIT_CONVERSION = YES;
				GCC_WARN_ABOUT_RETURN_TYPE = YES_ERROR;
				GCC_WARN_UNDECLARED_SELECTOR = YES;
				GCC_WARN_UNINITIALIZED_AUTOS = YES_AGGRESSIVE;
				GCC_WARN_UNUSED_FUNCTION = YES;
				GCC_WARN_UNUSED_VARIABLE = YES;
				IPHONEOS_DEPLOYMENT_TARGET = 13.6;
				MTL_ENABLE_DEBUG_INFO = NO;
				MTL_FAST_MATH = YES;
				SDKROOT = iphoneos;
				SWIFT_COMPILATION_MODE = wholemodule;
				SWIFT_OPTIMIZATION_LEVEL = "-O";
				VALIDATE_PRODUCT = YES;
				VERSIONING_SYSTEM = "apple-generic";
				VERSION_INFO_PREFIX = "";
			};
			name = Release;
		};
		77DDB00925BDB16400B0ED2C /* Debug */ = {
			isa = XCBuildConfiguration;
			buildSettings = {
				CODE_SIGN_STYLE = Automatic;
				DEFINES_MODULE = YES;
				DEVELOPMENT_TEAM = QQZCAF8474;
				DYLIB_COMPATIBILITY_VERSION = 1;
				DYLIB_CURRENT_VERSION = 1;
				DYLIB_INSTALL_NAME_BASE = "@rpath";
				INFOPLIST_FILE = ProductList/Info.plist;
				INSTALL_PATH = "$(LOCAL_LIBRARY_DIR)/Frameworks";
				IPHONEOS_DEPLOYMENT_TARGET = 13.0;
				LD_RUNPATH_SEARCH_PATHS = (
					"$(inherited)",
					"@executable_path/Frameworks",
					"@loader_path/Frameworks",
				);
				PRODUCT_BUNDLE_IDENTIFIER = com.cebollitas.ProductList;
				PRODUCT_NAME = "$(TARGET_NAME:c99extidentifier)";
				SKIP_INSTALL = YES;
				SUPPORTS_MACCATALYST = NO;
				SWIFT_VERSION = 5.0;
				TARGETED_DEVICE_FAMILY = 1;
			};
			name = Debug;
		};
		77DDB00A25BDB16400B0ED2C /* Release */ = {
			isa = XCBuildConfiguration;
			buildSettings = {
				CODE_SIGN_STYLE = Automatic;
				DEFINES_MODULE = YES;
				DEVELOPMENT_TEAM = QQZCAF8474;
				DYLIB_COMPATIBILITY_VERSION = 1;
				DYLIB_CURRENT_VERSION = 1;
				DYLIB_INSTALL_NAME_BASE = "@rpath";
				INFOPLIST_FILE = ProductList/Info.plist;
				INSTALL_PATH = "$(LOCAL_LIBRARY_DIR)/Frameworks";
				IPHONEOS_DEPLOYMENT_TARGET = 13.0;
				LD_RUNPATH_SEARCH_PATHS = (
					"$(inherited)",
					"@executable_path/Frameworks",
					"@loader_path/Frameworks",
				);
				PRODUCT_BUNDLE_IDENTIFIER = com.cebollitas.ProductList;
				PRODUCT_NAME = "$(TARGET_NAME:c99extidentifier)";
				SKIP_INSTALL = YES;
				SUPPORTS_MACCATALYST = NO;
				SWIFT_VERSION = 5.0;
				TARGETED_DEVICE_FAMILY = 1;
			};
			name = Release;
		};
		77DDB00C25BDB16400B0ED2C /* Debug */ = {
			isa = XCBuildConfiguration;
			buildSettings = {
				ALWAYS_EMBED_SWIFT_STANDARD_LIBRARIES = YES;
				CLANG_ENABLE_MODULES = YES;
				CODE_SIGN_STYLE = Automatic;
				DEVELOPMENT_TEAM = QQZCAF8474;
				INFOPLIST_FILE = ProductListTests/Info.plist;
				LD_RUNPATH_SEARCH_PATHS = (
					"$(inherited)",
					"@executable_path/Frameworks",
					"@loader_path/Frameworks",
				);
				PRODUCT_BUNDLE_IDENTIFIER = com.cebollitas.ProductListTests;
				PRODUCT_NAME = "$(TARGET_NAME)";
				SWIFT_OPTIMIZATION_LEVEL = "-Onone";
				SWIFT_VERSION = 5.0;
				TARGETED_DEVICE_FAMILY = "1,2";
			};
			name = Debug;
		};
		77DDB00D25BDB16400B0ED2C /* Release */ = {
			isa = XCBuildConfiguration;
			buildSettings = {
				ALWAYS_EMBED_SWIFT_STANDARD_LIBRARIES = YES;
				CLANG_ENABLE_MODULES = YES;
				CODE_SIGN_STYLE = Automatic;
				DEVELOPMENT_TEAM = QQZCAF8474;
				INFOPLIST_FILE = ProductListTests/Info.plist;
				LD_RUNPATH_SEARCH_PATHS = (
					"$(inherited)",
					"@executable_path/Frameworks",
					"@loader_path/Frameworks",
				);
				PRODUCT_BUNDLE_IDENTIFIER = com.cebollitas.ProductListTests;
				PRODUCT_NAME = "$(TARGET_NAME)";
				SWIFT_VERSION = 5.0;
				TARGETED_DEVICE_FAMILY = "1,2";
			};
			name = Release;
		};
/* End XCBuildConfiguration section */

/* Begin XCConfigurationList section */
		77DDAFE125BDB16300B0ED2C /* Build configuration list for PBXProject "ProductList" */ = {
			isa = XCConfigurationList;
			buildConfigurations = (
				77DDB00625BDB16400B0ED2C /* Debug */,
				77DDB00725BDB16400B0ED2C /* Release */,
			);
			defaultConfigurationIsVisible = 0;
			defaultConfigurationName = Release;
		};
		77DDB00825BDB16400B0ED2C /* Build configuration list for PBXNativeTarget "ProductList" */ = {
			isa = XCConfigurationList;
			buildConfigurations = (
				77DDB00925BDB16400B0ED2C /* Debug */,
				77DDB00A25BDB16400B0ED2C /* Release */,
			);
			defaultConfigurationIsVisible = 0;
			defaultConfigurationName = Release;
		};
		77DDB00B25BDB16400B0ED2C /* Build configuration list for PBXNativeTarget "ProductListTests" */ = {
			isa = XCConfigurationList;
			buildConfigurations = (
				77DDB00C25BDB16400B0ED2C /* Debug */,
				77DDB00D25BDB16400B0ED2C /* Release */,
			);
			defaultConfigurationIsVisible = 0;
			defaultConfigurationName = Release;
		};
/* End XCConfigurationList section */
	};
	rootObject = 77DDAFDE25BDB16300B0ED2C /* Project object */;
}
