// !$*UTF8*$!
{
	archiveVersion = 1;
	classes = {
	};
	objectVersion = 51;
	objects = {

/* Begin PBXBuildFile section */
		775B0A0125BD035800BA3A29 /* MLApplication.framework in Frameworks */ = {isa = PBXBuildFile; fileRef = 775B0A0025BD035800BA3A29 /* MLApplication.framework */; };
		775B0A0225BD035800BA3A29 /* MLApplication.framework in Embed Frameworks */ = {isa = PBXBuildFile; fileRef = 775B0A0025BD035800BA3A29 /* MLApplication.framework */; settings = {ATTRIBUTES = (CodeSignOnCopy, RemoveHeadersOnCopy, ); }; };
		7773AB9B25BC54D9004B20DD /* AppDelegate.swift in Sources */ = {isa = PBXBuildFile; fileRef = 7773AB9A25BC54D9004B20DD /* AppDelegate.swift */; };
		7773AB9D25BC54D9004B20DD /* SceneDelegate.swift in Sources */ = {isa = PBXBuildFile; fileRef = 7773AB9C25BC54D9004B20DD /* SceneDelegate.swift */; };
		7773ABA425BC54DC004B20DD /* Assets.xcassets in Resources */ = {isa = PBXBuildFile; fileRef = 7773ABA325BC54DC004B20DD /* Assets.xcassets */; };
		7773ABA725BC54DC004B20DD /* LaunchScreen.storyboard in Resources */ = {isa = PBXBuildFile; fileRef = 7773ABA525BC54DC004B20DD /* LaunchScreen.storyboard */; };
		7773ABB225BC54DC004B20DD /* MLTechTestTests.swift in Sources */ = {isa = PBXBuildFile; fileRef = 7773ABB125BC54DC004B20DD /* MLTechTestTests.swift */; };
		77B34B7225C0FBA9000F464C /* ProductList.framework in Frameworks */ = {isa = PBXBuildFile; fileRef = 77B34B7125C0FBA9000F464C /* ProductList.framework */; };
		77B34B7325C0FBA9000F464C /* ProductList.framework in Embed Frameworks */ = {isa = PBXBuildFile; fileRef = 77B34B7125C0FBA9000F464C /* ProductList.framework */; settings = {ATTRIBUTES = (CodeSignOnCopy, RemoveHeadersOnCopy, ); }; };
		77B34B7625C0FBB5000F464C /* MLTechCore.framework in Frameworks */ = {isa = PBXBuildFile; fileRef = 77B34B7425C0FBB5000F464C /* MLTechCore.framework */; };
		77B34B7725C0FBB5000F464C /* MLTechCore.framework in Embed Frameworks */ = {isa = PBXBuildFile; fileRef = 77B34B7425C0FBB5000F464C /* MLTechCore.framework */; settings = {ATTRIBUTES = (CodeSignOnCopy, RemoveHeadersOnCopy, ); }; };
		77B34B7825C0FBB5000F464C /* MLTechNetwork.framework in Frameworks */ = {isa = PBXBuildFile; fileRef = 77B34B7525C0FBB5000F464C /* MLTechNetwork.framework */; };
		77B34B7925C0FBB5000F464C /* MLTechNetwork.framework in Embed Frameworks */ = {isa = PBXBuildFile; fileRef = 77B34B7525C0FBB5000F464C /* MLTechNetwork.framework */; settings = {ATTRIBUTES = (CodeSignOnCopy, RemoveHeadersOnCopy, ); }; };
		77D91C0F25C2452800E239ED /* ProductDetail.framework in Frameworks */ = {isa = PBXBuildFile; fileRef = 77D91C0E25C2452800E239ED /* ProductDetail.framework */; };
		77D91C1025C2452800E239ED /* ProductDetail.framework in Embed Frameworks */ = {isa = PBXBuildFile; fileRef = 77D91C0E25C2452800E239ED /* ProductDetail.framework */; settings = {ATTRIBUTES = (CodeSignOnCopy, RemoveHeadersOnCopy, ); }; };
/* End PBXBuildFile section */

/* Begin PBXContainerItemProxy section */
		7773ABAE25BC54DC004B20DD /* PBXContainerItemProxy */ = {
			isa = PBXContainerItemProxy;
			containerPortal = 7773AB8F25BC54D9004B20DD /* Project object */;
			proxyType = 1;
			remoteGlobalIDString = 7773AB9625BC54D9004B20DD;
			remoteInfo = MLTechTest;
		};
/* End PBXContainerItemProxy section */

/* Begin PBXCopyFilesBuildPhase section */
		775B0A0325BD035800BA3A29 /* Embed Frameworks */ = {
			isa = PBXCopyFilesBuildPhase;
			buildActionMask = 2147483647;
			dstPath = "";
			dstSubfolderSpec = 10;
			files = (
				77B34B7325C0FBA9000F464C /* ProductList.framework in Embed Frameworks */,
				77D91C1025C2452800E239ED /* ProductDetail.framework in Embed Frameworks */,
				775B0A0225BD035800BA3A29 /* MLApplication.framework in Embed Frameworks */,
				77B34B7925C0FBB5000F464C /* MLTechNetwork.framework in Embed Frameworks */,
				77B34B7725C0FBB5000F464C /* MLTechCore.framework in Embed Frameworks */,
			);
			name = "Embed Frameworks";
			runOnlyForDeploymentPostprocessing = 0;
		};
/* End PBXCopyFilesBuildPhase section */

/* Begin PBXFileReference section */
		775B0A0025BD035800BA3A29 /* MLApplication.framework */ = {isa = PBXFileReference; explicitFileType = wrapper.framework; path = MLApplication.framework; sourceTree = BUILT_PRODUCTS_DIR; };
		7773AB9725BC54D9004B20DD /* MLTechTest.app */ = {isa = PBXFileReference; explicitFileType = wrapper.application; includeInIndex = 0; path = MLTechTest.app; sourceTree = BUILT_PRODUCTS_DIR; };
		7773AB9A25BC54D9004B20DD /* AppDelegate.swift */ = {isa = PBXFileReference; lastKnownFileType = sourcecode.swift; path = AppDelegate.swift; sourceTree = "<group>"; };
		7773AB9C25BC54D9004B20DD /* SceneDelegate.swift */ = {isa = PBXFileReference; lastKnownFileType = sourcecode.swift; path = SceneDelegate.swift; sourceTree = "<group>"; };
		7773ABA325BC54DC004B20DD /* Assets.xcassets */ = {isa = PBXFileReference; lastKnownFileType = folder.assetcatalog; path = Assets.xcassets; sourceTree = "<group>"; };
		7773ABA625BC54DC004B20DD /* Base */ = {isa = PBXFileReference; lastKnownFileType = file.storyboard; name = Base; path = Base.lproj/LaunchScreen.storyboard; sourceTree = "<group>"; };
		7773ABA825BC54DC004B20DD /* Info.plist */ = {isa = PBXFileReference; lastKnownFileType = text.plist.xml; path = Info.plist; sourceTree = "<group>"; };
		7773ABAD25BC54DC004B20DD /* MLTechTestTests.xctest */ = {isa = PBXFileReference; explicitFileType = wrapper.cfbundle; includeInIndex = 0; path = MLTechTestTests.xctest; sourceTree = BUILT_PRODUCTS_DIR; };
		7773ABB125BC54DC004B20DD /* MLTechTestTests.swift */ = {isa = PBXFileReference; lastKnownFileType = sourcecode.swift; path = MLTechTestTests.swift; sourceTree = "<group>"; };
		7773ABB325BC54DC004B20DD /* Info.plist */ = {isa = PBXFileReference; lastKnownFileType = text.plist.xml; path = Info.plist; sourceTree = "<group>"; };
		77B34B7125C0FBA9000F464C /* ProductList.framework */ = {isa = PBXFileReference; explicitFileType = wrapper.framework; path = ProductList.framework; sourceTree = BUILT_PRODUCTS_DIR; };
		77B34B7425C0FBB5000F464C /* MLTechCore.framework */ = {isa = PBXFileReference; explicitFileType = wrapper.framework; path = MLTechCore.framework; sourceTree = BUILT_PRODUCTS_DIR; };
		77B34B7525C0FBB5000F464C /* MLTechNetwork.framework */ = {isa = PBXFileReference; explicitFileType = wrapper.framework; path = MLTechNetwork.framework; sourceTree = BUILT_PRODUCTS_DIR; };
		77D91C0E25C2452800E239ED /* ProductDetail.framework */ = {isa = PBXFileReference; explicitFileType = wrapper.framework; path = ProductDetail.framework; sourceTree = BUILT_PRODUCTS_DIR; };
/* End PBXFileReference section */

/* Begin PBXFrameworksBuildPhase section */
		7773AB9425BC54D9004B20DD /* Frameworks */ = {
			isa = PBXFrameworksBuildPhase;
			buildActionMask = 2147483647;
			files = (
				77B34B7225C0FBA9000F464C /* ProductList.framework in Frameworks */,
				775B0A0125BD035800BA3A29 /* MLApplication.framework in Frameworks */,
				77B34B7625C0FBB5000F464C /* MLTechCore.framework in Frameworks */,
				77D91C0F25C2452800E239ED /* ProductDetail.framework in Frameworks */,
				77B34B7825C0FBB5000F464C /* MLTechNetwork.framework in Frameworks */,
			);
			runOnlyForDeploymentPostprocessing = 0;
		};
		7773ABAA25BC54DC004B20DD /* Frameworks */ = {
			isa = PBXFrameworksBuildPhase;
			buildActionMask = 2147483647;
			files = (
			);
			runOnlyForDeploymentPostprocessing = 0;
		};
/* End PBXFrameworksBuildPhase section */

/* Begin PBXGroup section */
		2E0DEA271AEB843BAAAC7E59 /* Pods */ = {
			isa = PBXGroup;
			children = (
			);
			path = Pods;
			sourceTree = "<group>";
		};
		775B0A9825BD1A4D00BA3A29 /* Resources */ = {
			isa = PBXGroup;
			children = (
				7773ABA325BC54DC004B20DD /* Assets.xcassets */,
				7773ABA525BC54DC004B20DD /* LaunchScreen.storyboard */,
			);
			path = Resources;
			sourceTree = "<group>";
		};
		7773AB8E25BC54D9004B20DD = {
			isa = PBXGroup;
			children = (
				7773AB9925BC54D9004B20DD /* MLTechTest */,
				7773ABB025BC54DC004B20DD /* MLTechTestTests */,
				7773AB9825BC54D9004B20DD /* Products */,
				2E0DEA271AEB843BAAAC7E59 /* Pods */,
				839D272C0EABB4274147447A /* Frameworks */,
			);
			sourceTree = "<group>";
		};
		7773AB9825BC54D9004B20DD /* Products */ = {
			isa = PBXGroup;
			children = (
				7773AB9725BC54D9004B20DD /* MLTechTest.app */,
				7773ABAD25BC54DC004B20DD /* MLTechTestTests.xctest */,
			);
			name = Products;
			sourceTree = "<group>";
		};
		7773AB9925BC54D9004B20DD /* MLTechTest */ = {
			isa = PBXGroup;
			children = (
				7773ABA825BC54DC004B20DD /* Info.plist */,
				7773AB9A25BC54D9004B20DD /* AppDelegate.swift */,
				7773AB9C25BC54D9004B20DD /* SceneDelegate.swift */,
				775B0A9825BD1A4D00BA3A29 /* Resources */,
			);
			path = MLTechTest;
			sourceTree = "<group>";
		};
		7773ABB025BC54DC004B20DD /* MLTechTestTests */ = {
			isa = PBXGroup;
			children = (
				7773ABB125BC54DC004B20DD /* MLTechTestTests.swift */,
				7773ABB325BC54DC004B20DD /* Info.plist */,
			);
			path = MLTechTestTests;
			sourceTree = "<group>";
		};
		839D272C0EABB4274147447A /* Frameworks */ = {
			isa = PBXGroup;
			children = (
				77D91C0E25C2452800E239ED /* ProductDetail.framework */,
				77B34B7425C0FBB5000F464C /* MLTechCore.framework */,
				77B34B7525C0FBB5000F464C /* MLTechNetwork.framework */,
				77B34B7125C0FBA9000F464C /* ProductList.framework */,
				775B0A0025BD035800BA3A29 /* MLApplication.framework */,
			);
			name = Frameworks;
			sourceTree = "<group>";
		};
/* End PBXGroup section */

/* Begin PBXNativeTarget section */
		7773AB9625BC54D9004B20DD /* MLTechTest */ = {
			isa = PBXNativeTarget;
			buildConfigurationList = 7773ABB625BC54DC004B20DD /* Build configuration list for PBXNativeTarget "MLTechTest" */;
			buildPhases = (
				7773AB9325BC54D9004B20DD /* Sources */,
				7773AB9425BC54D9004B20DD /* Frameworks */,
				7773AB9525BC54D9004B20DD /* Resources */,
				775B0A0325BD035800BA3A29 /* Embed Frameworks */,
			);
			buildRules = (
			);
			dependencies = (
			);
			name = MLTechTest;
			productName = MLTechTest;
			productReference = 7773AB9725BC54D9004B20DD /* MLTechTest.app */;
			productType = "com.apple.product-type.application";
		};
		7773ABAC25BC54DC004B20DD /* MLTechTestTests */ = {
			isa = PBXNativeTarget;
			buildConfigurationList = 7773ABB925BC54DC004B20DD /* Build configuration list for PBXNativeTarget "MLTechTestTests" */;
			buildPhases = (
				7773ABA925BC54DC004B20DD /* Sources */,
				7773ABAA25BC54DC004B20DD /* Frameworks */,
				7773ABAB25BC54DC004B20DD /* Resources */,
			);
			buildRules = (
			);
			dependencies = (
				7773ABAF25BC54DC004B20DD /* PBXTargetDependency */,
			);
			name = MLTechTestTests;
			productName = MLTechTestTests;
			productReference = 7773ABAD25BC54DC004B20DD /* MLTechTestTests.xctest */;
			productType = "com.apple.product-type.bundle.unit-test";
		};
/* End PBXNativeTarget section */

/* Begin PBXProject section */
		7773AB8F25BC54D9004B20DD /* Project object */ = {
			isa = PBXProject;
			attributes = {
				LastSwiftUpdateCheck = 1160;
				LastUpgradeCheck = 1230;
				ORGANIZATIONNAME = Cebollitas;
				TargetAttributes = {
					7773AB9625BC54D9004B20DD = {
						CreatedOnToolsVersion = 11.6;
					};
					7773ABAC25BC54DC004B20DD = {
						CreatedOnToolsVersion = 11.6;
						TestTargetID = 7773AB9625BC54D9004B20DD;
					};
				};
			};
			buildConfigurationList = 7773AB9225BC54D9004B20DD /* Build configuration list for PBXProject "MLTechTest" */;
			compatibilityVersion = "Xcode 9.3";
			developmentRegion = en;
			hasScannedForEncodings = 0;
			knownRegions = (
				en,
				Base,
			);
			mainGroup = 7773AB8E25BC54D9004B20DD;
			productRefGroup = 7773AB9825BC54D9004B20DD /* Products */;
			projectDirPath = "";
			projectRoot = "";
			targets = (
				7773AB9625BC54D9004B20DD /* MLTechTest */,
				7773ABAC25BC54DC004B20DD /* MLTechTestTests */,
			);
		};
/* End PBXProject section */

/* Begin PBXResourcesBuildPhase section */
		7773AB9525BC54D9004B20DD /* Resources */ = {
			isa = PBXResourcesBuildPhase;
			buildActionMask = 2147483647;
			files = (
				7773ABA725BC54DC004B20DD /* LaunchScreen.storyboard in Resources */,
				7773ABA425BC54DC004B20DD /* Assets.xcassets in Resources */,
			);
			runOnlyForDeploymentPostprocessing = 0;
		};
		7773ABAB25BC54DC004B20DD /* Resources */ = {
			isa = PBXResourcesBuildPhase;
			buildActionMask = 2147483647;
			files = (
			);
			runOnlyForDeploymentPostprocessing = 0;
		};
/* End PBXResourcesBuildPhase section */

/* Begin PBXSourcesBuildPhase section */
		7773AB9325BC54D9004B20DD /* Sources */ = {
			isa = PBXSourcesBuildPhase;
			buildActionMask = 2147483647;
			files = (
				7773AB9B25BC54D9004B20DD /* AppDelegate.swift in Sources */,
				7773AB9D25BC54D9004B20DD /* SceneDelegate.swift in Sources */,
			);
			runOnlyForDeploymentPostprocessing = 0;
		};
		7773ABA925BC54DC004B20DD /* Sources */ = {
			isa = PBXSourcesBuildPhase;
			buildActionMask = 2147483647;
			files = (
				7773ABB225BC54DC004B20DD /* MLTechTestTests.swift in Sources */,
			);
			runOnlyForDeploymentPostprocessing = 0;
		};
/* End PBXSourcesBuildPhase section */

/* Begin PBXTargetDependency section */
		7773ABAF25BC54DC004B20DD /* PBXTargetDependency */ = {
			isa = PBXTargetDependency;
			target = 7773AB9625BC54D9004B20DD /* MLTechTest */;
			targetProxy = 7773ABAE25BC54DC004B20DD /* PBXContainerItemProxy */;
		};
/* End PBXTargetDependency section */

/* Begin PBXVariantGroup section */
		7773ABA525BC54DC004B20DD /* LaunchScreen.storyboard */ = {
			isa = PBXVariantGroup;
			children = (
				7773ABA625BC54DC004B20DD /* Base */,
			);
			name = LaunchScreen.storyboard;
			sourceTree = "<group>";
		};
/* End PBXVariantGroup section */

/* Begin XCBuildConfiguration section */
		7773ABB425BC54DC004B20DD /* Debug */ = {
			isa = XCBuildConfiguration;
			buildSettings = {
				ALWAYS_SEARCH_USER_PATHS = NO;
				CLANG_ANALYZER_NONNULL = YES;
				CLANG_ANALYZER_NUMBER_OBJECT_CONVERSION = YES_AGGRESSIVE;
				CLANG_CXX_LANGUAGE_STANDARD = "gnu++14";
				CLANG_CXX_LIBRARY = "libc++";
				CLANG_ENABLE_MODULES = YES;
				CLANG_ENABLE_OBJC_ARC = YES;
				CLANG_ENABLE_OBJC_WEAK = YES;
				CLANG_WARN_BLOCK_CAPTURE_AUTORELEASING = YES;
				CLANG_WARN_BOOL_CONVERSION = YES;
				CLANG_WARN_COMMA = YES;
				CLANG_WARN_CONSTANT_CONVERSION = YES;
				CLANG_WARN_DEPRECATED_OBJC_IMPLEMENTATIONS = YES;
				CLANG_WARN_DIRECT_OBJC_ISA_USAGE = YES_ERROR;
				CLANG_WARN_DOCUMENTATION_COMMENTS = YES;
				CLANG_WARN_EMPTY_BODY = YES;
				CLANG_WARN_ENUM_CONVERSION = YES;
				CLANG_WARN_INFINITE_RECURSION = YES;
				CLANG_WARN_INT_CONVERSION = YES;
				CLANG_WARN_NON_LITERAL_NULL_CONVERSION = YES;
				CLANG_WARN_OBJC_IMPLICIT_RETAIN_SELF = YES;
				CLANG_WARN_OBJC_LITERAL_CONVERSION = YES;
				CLANG_WARN_OBJC_ROOT_CLASS = YES_ERROR;
				CLANG_WARN_QUOTED_INCLUDE_IN_FRAMEWORK_HEADER = YES;
				CLANG_WARN_RANGE_LOOP_ANALYSIS = YES;
				CLANG_WARN_STRICT_PROTOTYPES = YES;
				CLANG_WARN_SUSPICIOUS_MOVE = YES;
				CLANG_WARN_UNGUARDED_AVAILABILITY = YES_AGGRESSIVE;
				CLANG_WARN_UNREACHABLE_CODE = YES;
				CLANG_WARN__DUPLICATE_METHOD_MATCH = YES;
				COPY_PHASE_STRIP = NO;
				DEBUG_INFORMATION_FORMAT = dwarf;
				ENABLE_STRICT_OBJC_MSGSEND = YES;
				ENABLE_TESTABILITY = YES;
				GCC_C_LANGUAGE_STANDARD = gnu11;
				GCC_DYNAMIC_NO_PIC = NO;
				GCC_NO_COMMON_BLOCKS = YES;
				GCC_OPTIMIZATION_LEVEL = 0;
				GCC_PREPROCESSOR_DEFINITIONS = (
					"DEBUG=1",
					"$(inherited)",
				);
				GCC_WARN_64_TO_32_BIT_CONVERSION = YES;
				GCC_WARN_ABOUT_RETURN_TYPE = YES_ERROR;
				GCC_WARN_UNDECLARED_SELECTOR = YES;
				GCC_WARN_UNINITIALIZED_AUTOS = YES_AGGRESSIVE;
				GCC_WARN_UNUSED_FUNCTION = YES;
				GCC_WARN_UNUSED_VARIABLE = YES;
				IPHONEOS_DEPLOYMENT_TARGET = 13.6;
				MTL_ENABLE_DEBUG_INFO = INCLUDE_SOURCE;
				MTL_FAST_MATH = YES;
				ONLY_ACTIVE_ARCH = YES;
				SDKROOT = iphoneos;
				SWIFT_ACTIVE_COMPILATION_CONDITIONS = DEBUG;
				SWIFT_OPTIMIZATION_LEVEL = "-Onone";
			};
			name = Debug;
		};
		7773ABB525BC54DC004B20DD /* Release */ = {
			isa = XCBuildConfiguration;
			buildSettings = {
				ALWAYS_SEARCH_USER_PATHS = NO;
				CLANG_ANALYZER_NONNULL = YES;
				CLANG_ANALYZER_NUMBER_OBJECT_CONVERSION = YES_AGGRESSIVE;
				CLANG_CXX_LANGUAGE_STANDARD = "gnu++14";
				CLANG_CXX_LIBRARY = "libc++";
				CLANG_ENABLE_MODULES = YES;
				CLANG_ENABLE_OBJC_ARC = YES;
				CLANG_ENABLE_OBJC_WEAK = YES;
				CLANG_WARN_BLOCK_CAPTURE_AUTORELEASING = YES;
				CLANG_WARN_BOOL_CONVERSION = YES;
				CLANG_WARN_COMMA = YES;
				CLANG_WARN_CONSTANT_CONVERSION = YES;
				CLANG_WARN_DEPRECATED_OBJC_IMPLEMENTATIONS = YES;
				CLANG_WARN_DIRECT_OBJC_ISA_USAGE = YES_ERROR;
				CLANG_WARN_DOCUMENTATION_COMMENTS = YES;
				CLANG_WARN_EMPTY_BODY = YES;
				CLANG_WARN_ENUM_CONVERSION = YES;
				CLANG_WARN_INFINITE_RECURSION = YES;
				CLANG_WARN_INT_CONVERSION = YES;
				CLANG_WARN_NON_LITERAL_NULL_CONVERSION = YES;
				CLANG_WARN_OBJC_IMPLICIT_RETAIN_SELF = YES;
				CLANG_WARN_OBJC_LITERAL_CONVERSION = YES;
				CLANG_WARN_OBJC_ROOT_CLASS = YES_ERROR;
				CLANG_WARN_QUOTED_INCLUDE_IN_FRAMEWORK_HEADER = YES;
				CLANG_WARN_RANGE_LOOP_ANALYSIS = YES;
				CLANG_WARN_STRICT_PROTOTYPES = YES;
				CLANG_WARN_SUSPICIOUS_MOVE = YES;
				CLANG_WARN_UNGUARDED_AVAILABILITY = YES_AGGRESSIVE;
				CLANG_WARN_UNREACHABLE_CODE = YES;
				CLANG_WARN__DUPLICATE_METHOD_MATCH = YES;
				COPY_PHASE_STRIP = NO;
				DEBUG_INFORMATION_FORMAT = "dwarf-with-dsym";
				ENABLE_NS_ASSERTIONS = NO;
				ENABLE_STRICT_OBJC_MSGSEND = YES;
				GCC_C_LANGUAGE_STANDARD = gnu11;
				GCC_NO_COMMON_BLOCKS = YES;
				GCC_WARN_64_TO_32_BIT_CONVERSION = YES;
				GCC_WARN_ABOUT_RETURN_TYPE = YES_ERROR;
				GCC_WARN_UNDECLARED_SELECTOR = YES;
				GCC_WARN_UNINITIALIZED_AUTOS = YES_AGGRESSIVE;
				GCC_WARN_UNUSED_FUNCTION = YES;
				GCC_WARN_UNUSED_VARIABLE = YES;
				IPHONEOS_DEPLOYMENT_TARGET = 13.6;
				MTL_ENABLE_DEBUG_INFO = NO;
				MTL_FAST_MATH = YES;
				SDKROOT = iphoneos;
				SWIFT_COMPILATION_MODE = wholemodule;
				SWIFT_OPTIMIZATION_LEVEL = "-O";
				VALIDATE_PRODUCT = YES;
			};
			name = Release;
		};
		7773ABB725BC54DC004B20DD /* Debug */ = {
			isa = XCBuildConfiguration;
			buildSettings = {
				ASSETCATALOG_COMPILER_APPICON_NAME = AppIcon;
				CODE_SIGN_STYLE = Automatic;
				DEVELOPMENT_TEAM = XRFNDLT6FX;
				INFOPLIST_FILE = MLTechTest/Info.plist;
				IPHONEOS_DEPLOYMENT_TARGET = 13.0;
				LD_RUNPATH_SEARCH_PATHS = (
					"$(inherited)",
					"@executable_path/Frameworks",
				);
				PRODUCT_BUNDLE_IDENTIFIER = com.cebollitas.MLTechTest;
				PRODUCT_NAME = "$(TARGET_NAME)";
				SWIFT_VERSION = 5.0;
				TARGETED_DEVICE_FAMILY = 1;
			};
			name = Debug;
		};
		7773ABB825BC54DC004B20DD /* Release */ = {
			isa = XCBuildConfiguration;
			buildSettings = {
				ASSETCATALOG_COMPILER_APPICON_NAME = AppIcon;
				CODE_SIGN_STYLE = Automatic;
				DEVELOPMENT_TEAM = QQZCAF8474;
				INFOPLIST_FILE = MLTechTest/Info.plist;
				IPHONEOS_DEPLOYMENT_TARGET = 13.0;
				LD_RUNPATH_SEARCH_PATHS = (
					"$(inherited)",
					"@executable_path/Frameworks",
				);
				PRODUCT_BUNDLE_IDENTIFIER = com.cebollitas.MLTechTest;
				PRODUCT_NAME = "$(TARGET_NAME)";
				SWIFT_VERSION = 5.0;
				TARGETED_DEVICE_FAMILY = 1;
			};
			name = Release;
		};
		7773ABBA25BC54DC004B20DD /* Debug */ = {
			isa = XCBuildConfiguration;
			buildSettings = {
				ALWAYS_EMBED_SWIFT_STANDARD_LIBRARIES = YES;
				BUNDLE_LOADER = "$(TEST_HOST)";
				CODE_SIGN_STYLE = Automatic;
				DEVELOPMENT_TEAM = QQZCAF8474;
				INFOPLIST_FILE = MLTechTestTests/Info.plist;
				IPHONEOS_DEPLOYMENT_TARGET = 13.6;
				LD_RUNPATH_SEARCH_PATHS = (
					"$(inherited)",
					"@executable_path/Frameworks",
					"@loader_path/Frameworks",
				);
				PRODUCT_BUNDLE_IDENTIFIER = com.cebollitas.MLTechTestTests;
				PRODUCT_NAME = "$(TARGET_NAME)";
				SWIFT_VERSION = 5.0;
				TARGETED_DEVICE_FAMILY = "1,2";
				TEST_HOST = "$(BUILT_PRODUCTS_DIR)/MLTechTest.app/MLTechTest";
			};
			name = Debug;
		};
		7773ABBB25BC54DC004B20DD /* Release */ = {
			isa = XCBuildConfiguration;
			buildSettings = {
				ALWAYS_EMBED_SWIFT_STANDARD_LIBRARIES = YES;
				BUNDLE_LOADER = "$(TEST_HOST)";
				CODE_SIGN_STYLE = Automatic;
				DEVELOPMENT_TEAM = QQZCAF8474;
				INFOPLIST_FILE = MLTechTestTests/Info.plist;
				IPHONEOS_DEPLOYMENT_TARGET = 13.6;
				LD_RUNPATH_SEARCH_PATHS = (
					"$(inherited)",
					"@executable_path/Frameworks",
					"@loader_path/Frameworks",
				);
				PRODUCT_BUNDLE_IDENTIFIER = com.cebollitas.MLTechTestTests;
				PRODUCT_NAME = "$(TARGET_NAME)";
				SWIFT_VERSION = 5.0;
				TARGETED_DEVICE_FAMILY = "1,2";
				TEST_HOST = "$(BUILT_PRODUCTS_DIR)/MLTechTest.app/MLTechTest";
			};
			name = Release;
		};
/* End XCBuildConfiguration section */

/* Begin XCConfigurationList section */
		7773AB9225BC54D9004B20DD /* Build configuration list for PBXProject "MLTechTest" */ = {
			isa = XCConfigurationList;
			buildConfigurations = (
				7773ABB425BC54DC004B20DD /* Debug */,
				7773ABB525BC54DC004B20DD /* Release */,
			);
			defaultConfigurationIsVisible = 0;
			defaultConfigurationName = Release;
		};
		7773ABB625BC54DC004B20DD /* Build configuration list for PBXNativeTarget "MLTechTest" */ = {
			isa = XCConfigurationList;
			buildConfigurations = (
				7773ABB725BC54DC004B20DD /* Debug */,
				7773ABB825BC54DC004B20DD /* Release */,
			);
			defaultConfigurationIsVisible = 0;
			defaultConfigurationName = Release;
		};
		7773ABB925BC54DC004B20DD /* Build configuration list for PBXNativeTarget "MLTechTestTests" */ = {
			isa = XCConfigurationList;
			buildConfigurations = (
				7773ABBA25BC54DC004B20DD /* Debug */,
				7773ABBB25BC54DC004B20DD /* Release */,
			);
			defaultConfigurationIsVisible = 0;
			defaultConfigurationName = Release;
		};
/* End XCConfigurationList section */
	};
	rootObject = 7773AB8F25BC54D9004B20DD /* Project object */;
}
